
Microsoft Visual Studio Solution File, Format Version 12.00
# Visual Studio 15
VisualStudioVersion = 15.0.26228.9
MinimumVisualStudioVersion = 10.0.40219.1
Project("{FAE04EC0-301F-11D3-BF4B-00C04F79EFBC}") = "MyLib", "MyLib\MyLib.csproj", "{5E55CF8E-F06F-4112-8F49-80D3F68BB75C}"
EndProject
Project("{FAE04EC0-301F-11D3-BF4B-00C04F79EFBC}") = "BarcoderLib", "BarcoderLib\BarcoderLib.csproj", "{DE365EE5-91AF-4A6B-BBB7-2B95DF29BE93}"
EndProject
Project("{FAE04EC0-301F-11D3-BF4B-00C04F79EFBC}") = "Calendar", "Calendar\Calendar.csproj", "{F0775858-09E3-4E7A-BA54-AEFEAD417A13}"
EndProject
Project("{FAE04EC0-301F-11D3-BF4B-00C04F79EFBC}") = "Evaluant.Calculator", "Evaluant.Calculator\Evaluant.Calculator.csproj", "{5F014003-50D8-49E0-8AFE-91D38DCCC97C}"
EndProject
Project("{FAE04EC0-301F-11D3-BF4B-00C04F79EFBC}") = "ZetaHtmlEditControl", "ZetaHtmlEditControl\ZetaHtmlEditControl.csproj", "{B00AE765-8212-43FD-8E70-768A6C20EE93}"
EndProject
Project("{FAE04EC0-301F-11D3-BF4B-00C04F79EFBC}") = "SMLTransportLabel", "SMLTransportLabel\SMLTransportLabel.csproj", "{2B8BE631-35AD-48DC-9D77-35B785A9F7DF}"
EndProject
Project("{FAE04EC0-301F-11D3-BF4B-00C04F79EFBC}") = "SMLServiceCenter", "SMLServiceCenter\SMLServiceCenter.csproj", "{7AA146B8-A728-4C9C-869F-07B0C196A7EE}"
EndProject
Project("{FAE04EC0-301F-11D3-BF4B-00C04F79EFBC}") = "SMLReportControl", "SMLReportControl\SMLReportControl.csproj", "{B07C2464-34A3-4BCA-8826-8F42BB9AD022}"
EndProject
Project("{FAE04EC0-301F-11D3-BF4B-00C04F79EFBC}") = "SMLReport", "SMLReport\SMLReport.csproj", "{47EA8CA3-3FBF-4E90-A811-AB61F48EC9D6}"
EndProject
Project("{FAE04EC0-301F-11D3-BF4B-00C04F79EFBC}") = "SMLProcess", "SMLProcess\SMLProcess.csproj", "{4C2C0F42-FE26-4CA5-99B5-543AB784551C}"
EndProject
Project("{FAE04EC0-301F-11D3-BF4B-00C04F79EFBC}") = "SMLPOSControl", "SMLPOSControl\SMLPOSControl.csproj", "{1DD6CD38-CFC5-4E87-9544-F6A8F351216F}"
EndProject
Project("{FAE04EC0-301F-11D3-BF4B-00C04F79EFBC}") = "SMLPOSClientDesign", "SMLPOSClientDesign\SMLPOSClientDesign.csproj", "{42659F86-5FC4-4CC9-A0F5-002320A0D4E4}"
EndProject
Project("{FAE04EC0-301F-11D3-BF4B-00C04F79EFBC}") = "SMLPOSClient", "SMLPosClient\SMLPOSClient.csproj", "{488C5EA3-F91A-4ADA-90C3-8E06ECC097C6}"
EndProject
Project("{FAE04EC0-301F-11D3-BF4B-00C04F79EFBC}") = "SMLPOSChecker", "SMLPOSChecker\SMLPOSChecker.csproj", "{FDEDF595-129C-4139-B719-CAE5DA9B75C1}"
EndProject
Project("{FAE04EC0-301F-11D3-BF4B-00C04F79EFBC}") = "SMLPOS", "SMLPOS\SMLPOS.csproj", "{10E6C79A-BEA7-4F15-A15B-697194907AD1}"
EndProject
Project("{FAE04EC0-301F-11D3-BF4B-00C04F79EFBC}") = "SMLPickAndPack", "SMLPickAndPack\SMLPickAndPack.csproj", "{9F581075-7B1F-4C2F-AD0F-B798280430C0}"
EndProject
Project("{FAE04EC0-301F-11D3-BF4B-00C04F79EFBC}") = "SMLMIS", "SMLMIS\SMLMIS.csproj", "{28DF96FE-38E5-44FE-83A9-F6FB1C166131}"
EndProject
Project("{FAE04EC0-301F-11D3-BF4B-00C04F79EFBC}") = "SMLLanguage", "SMLLanguage\SMLLanguage.csproj", "{3126F214-609A-47F6-AB7B-88B520F6CDBB}"
EndProject
Project("{FAE04EC0-301F-11D3-BF4B-00C04F79EFBC}") = "SMLInventoryControl", "SMLInventoryControl\SMLInventoryControl.csproj", "{3F71EFCB-5E11-4509-8EDF-EFE9484A6CCF}"
EndProject
Project("{FAE04EC0-301F-11D3-BF4B-00C04F79EFBC}") = "SMLHealthyControl", "SMLHealthyControl\SMLHealthyControl.csproj", "{44F278E2-5FEE-4851-8DCD-145360B9885C}"
EndProject
Project("{FAE04EC0-301F-11D3-BF4B-00C04F79EFBC}") = "SMLHealthyConfig", "SMLHealthyConfig\SMLHealthyConfig.csproj", "{DAE36B47-AE67-4854-AAF2-173348B9702F}"
EndProject
Project("{FAE04EC0-301F-11D3-BF4B-00C04F79EFBC}") = "SMLFormDesign", "SMLFormDesign\SMLFormDesign.csproj", "{CE363FF2-8ABF-438A-8D75-9F9C8C5F3C1F}"
EndProject
Project("{FAE04EC0-301F-11D3-BF4B-00C04F79EFBC}") = "SMLFastReportUpdate", "SMLFastReportUpdate\SMLFastReportUpdate.csproj", "{AFBF6BAA-902C-4D50-8A4D-2070FB72A956}"
EndProject
Project("{FAE04EC0-301F-11D3-BF4B-00C04F79EFBC}") = "SMLFastReportDesign", "SMLFastReportDesign\SMLFastReportDesign.csproj", "{0EFA6365-CBC3-4986-BE14-EF37A694520B}"
EndProject
Project("{FAE04EC0-301F-11D3-BF4B-00C04F79EFBC}") = "SMLFastReport", "SMLFastReport\SMLFastReport.csproj", "{D03F726A-A232-41AB-AED7-6C997C84AC85}"
EndProject
Project("{FAE04EC0-301F-11D3-BF4B-00C04F79EFBC}") = "SMLERPTemplate", "SMLERPTemplate\SMLERPTemplate.csproj", "{72DC59D6-C11D-430C-950B-B5266FB463E8}"
EndProject
Project("{FAE04EC0-301F-11D3-BF4B-00C04F79EFBC}") = "SMLERPSOReport", "SMLERPSOReport\SMLERPSOReport.csproj", "{A79D2994-F2B4-4D54-9493-4CA1C036641B}"
EndProject
Project("{FAE04EC0-301F-11D3-BF4B-00C04F79EFBC}") = "SMLERPSO", "SMLERPSO\SMLERPSO.csproj", "{B9445ECD-2E5D-480A-A6BD-8A634DC2EE38}"
EndProject
Project("{FAE04EC0-301F-11D3-BF4B-00C04F79EFBC}") = "SMLERPReportTool", "SMLERPReportTool\SMLERPReportTool.csproj", "{4A49FD0B-4FB5-4640-A1A0-AC6C97D01377}"
EndProject
Project("{FAE04EC0-301F-11D3-BF4B-00C04F79EFBC}") = "SMLERPReport", "SMLERPReport\SMLERPReport.csproj", "{5208DB5E-2327-414A-9170-86AA6B6C0E71}"
EndProject
Project("{FAE04EC0-301F-11D3-BF4B-00C04F79EFBC}") = "SMLERPPOReport", "SMLERPPOReport\SMLERPPOReport.csproj", "{8F7C5F5C-AA9E-443D-8B52-DF3932153B31}"
EndProject
Project("{FAE04EC0-301F-11D3-BF4B-00C04F79EFBC}") = "SMLERPPO", "SMLERPPO\SMLERPPO.csproj", "{CD0B05F2-4085-468A-9ED8-FAC39C16AD89}"
EndProject
Project("{FAE04EC0-301F-11D3-BF4B-00C04F79EFBC}") = "SMLERPICReport", "SMLERPICReport\SMLERPICReport.csproj", "{B9E32AF4-28F3-4097-AE65-234D11983359}"
EndProject
Project("{FAE04EC0-301F-11D3-BF4B-00C04F79EFBC}") = "SMLERPICInfo", "SMLERPICInfo\SMLERPICInfo.csproj", "{D81C3BD6-3AD4-47E0-93C7-B37EEC82B62A}"
EndProject
Project("{FAE04EC0-301F-11D3-BF4B-00C04F79EFBC}") = "SMLERPIC", "SMLERPIC\SMLERPIC.csproj", "{74253644-DE8A-43E8-A9C1-3C50FFC570A2}"
EndProject
Project("{FAE04EC0-301F-11D3-BF4B-00C04F79EFBC}") = "SMLERPGlobal", "SMLERPGlobal\SMLERPGlobal.csproj", "{41B81586-3B62-4C5F-89C8-74A21A53FA96}"
EndProject
Project("{FAE04EC0-301F-11D3-BF4B-00C04F79EFBC}") = "SMLERPGLControl", "SMLERPGLControl\SMLERPGLControl.csproj", "{FE37DB34-D7D6-441C-AF95-41A8CBE06FDB}"
EndProject
Project("{FAE04EC0-301F-11D3-BF4B-00C04F79EFBC}") = "SMLERPGL", "SMLERPGL\SMLERPGL.csproj", "{5645B824-BFF4-4C0A-9533-0B75527E90C6}"
EndProject
Project("{FAE04EC0-301F-11D3-BF4B-00C04F79EFBC}") = "SMLERPDashBoard", "SMLERPDashBoard\SMLERPDashBoard.csproj", "{85C11DA4-5648-4B04-94AE-FB2C75991C0A}"
EndProject
Project("{FAE04EC0-301F-11D3-BF4B-00C04F79EFBC}") = "SMLERPControl", "SMLERPControl\SMLERPControl.csproj", "{73AA4C07-AABC-4C52-B7D7-1B0A9B0B256A}"
EndProject
Project("{FAE04EC0-301F-11D3-BF4B-00C04F79EFBC}") = "SMLERPConfig", "SMLERPConfig\SMLERPConfig.csproj", "{2E9E7D02-2F83-4383-B048-F81914A7B9BF}"
EndProject
Project("{FAE04EC0-301F-11D3-BF4B-00C04F79EFBC}") = "SMLERPCASHBANKReport", "SMLERPCASHBANKReport\SMLERPCASHBANKReport.csproj", "{0AB4E9BD-B9F1-4357-9F16-0D22E4022FD8}"
EndProject
Project("{FAE04EC0-301F-11D3-BF4B-00C04F79EFBC}") = "SMLERPCASHBANK", "SMLERPCASHBANK\SMLERPCASHBANK.csproj", "{7BC02F85-9D27-426C-A4FF-927B94F41FCC}"
EndProject
Project("{FAE04EC0-301F-11D3-BF4B-00C04F79EFBC}") = "SMLERPAudit", "SMLERPAudit\SMLERPAudit.csproj", "{0C06EFD4-A9CC-4C4E-829C-C2D6D4C0F81C}"
EndProject
Project("{FAE04EC0-301F-11D3-BF4B-00C04F79EFBC}") = "SMLERPASSET", "SMLERPASSET\SMLERPASSET.csproj", "{358CCCBB-F185-4F6F-AC8B-38F26E1CF022}"
EndProject
Project("{FAE04EC0-301F-11D3-BF4B-00C04F79EFBC}") = "SMLERPARAPReport", "SMLERPARReport\SMLERPARAPReport.csproj", "{706278D1-2158-4000-A1A5-F401B0C59890}"
EndProject
Project("{FAE04EC0-301F-11D3-BF4B-00C04F79EFBC}") = "SMLERPARAPInfo", "SMLERPARInfo\SMLERPARAPInfo.csproj", "{29BAAC40-D635-4619-BB24-AD8D6FAB2D82}"
EndProject
Project("{FAE04EC0-301F-11D3-BF4B-00C04F79EFBC}") = "SMLERPAR", "SMLERPAR\SMLERPAR.csproj", "{60245A02-8C1E-4BB9-B365-D65423793126}"
EndProject
Project("{FAE04EC0-301F-11D3-BF4B-00C04F79EFBC}") = "SMLERPAPReport", "SMLERPAPReport\SMLERPAPReport.csproj", "{37699660-52D6-408D-B84C-2C264A446B75}"
EndProject
Project("{FAE04EC0-301F-11D3-BF4B-00C04F79EFBC}") = "SMLERPAP", "SMLERPAP\SMLERPAP.csproj", "{E7D5EE89-FBF8-4BA2-8DBF-55D4CBAA2201}"
EndProject
Project("{FAE04EC0-301F-11D3-BF4B-00C04F79EFBC}") = "SMLDataCenterSync", "SMLDataCenterSync\SMLDataCenterSync.csproj", "{16529ABC-A879-4E9A-B3D1-69ACF14B8300}"
EndProject
Project("{FAE04EC0-301F-11D3-BF4B-00C04F79EFBC}") = "SMLBarcodeManage", "SMLBarcodeManage\SMLBarcodeManage.csproj", "{BF22C54B-4AC3-4050-8C5D-81A95B3C5955}"
EndProject
Project("{FAE04EC0-301F-11D3-BF4B-00C04F79EFBC}") = "SMLERPBalanceTransfer", "SMLBalanceTransfer\SMLERPBalanceTransfer.csproj", "{F3AEFD9B-4EA5-4CE8-A4D0-291C46F7CF48}"
EndProject
Project("{FAE04EC0-301F-11D3-BF4B-00C04F79EFBC}") = "SMLAudit", "SMLAudit\SMLAudit.csproj", "{FF63A143-0DFC-4EAF-BD62-83B3099C2700}"
EndProject
Project("{FAE04EC0-301F-11D3-BF4B-00C04F79EFBC}") = "SMLERPAPARControl", "SMLAPARControl\SMLERPAPARControl.csproj", "{6F0D1302-38EE-41D2-98A2-6D6F629C1A66}"
EndProject
Project("{FAE04EC0-301F-11D3-BF4B-00C04F79EFBC}") = "SMLAccount", "SMLAccount\SMLAccount.csproj", "{A9F4B8C5-CD87-4517-ABC5-004F1229BF71}"
EndProject
Project("{FAE04EC0-301F-11D3-BF4B-00C04F79EFBC}") = "MyDock", "MyDock\MyDock.csproj", "{089F2363-649B-4655-B1FA-A7EBD982D73A}"
EndProject
Project("{FAE04EC0-301F-11D3-BF4B-00C04F79EFBC}") = "Java", "Java\Java.csproj", "{7F01AEAA-D039-4626-9887-E89ACCE4C42B}"
EndProject
Project("{FAE04EC0-301F-11D3-BF4B-00C04F79EFBC}") = "HTMLwysiwygLib", "HTMLwysiwygLib\HTMLwysiwygLib.csproj", "{E1826C5B-D05C-400D-8223-D401D8A04061}"
EndProject
Project("{FAE04EC0-301F-11D3-BF4B-00C04F79EFBC}") = "BRAGENTPOS", "BRAGENTPOS\BRAGENTPOS.csproj", "{1FD23275-3987-45FF-9538-FB2DE7F61E23}"
EndProject
Project("{FAE04EC0-301F-11D3-BF4B-00C04F79EFBC}") = "PdfSharp", "PdfSharp\PdfSharp.csproj", "{5384CE57-1F94-4D22-860D-2E9C1AC12DDF}"
EndProject
Project("{FAE04EC0-301F-11D3-BF4B-00C04F79EFBC}") = "SMLProcessService", "SMLProcessService\SMLProcessService.csproj", "{6E960452-EFFB-4672-97C0-80A7520BCFE0}"
EndProject
Project("{FAE04EC0-301F-11D3-BF4B-00C04F79EFBC}") = "SMLEDIControl", "SMLEDIControl\SMLEDIControl.csproj", "{248B9F3A-6F41-42E0-8E91-0AD097F9EFA7}"
EndProject
Project("{FAE04EC0-301F-11D3-BF4B-00C04F79EFBC}") = "SINGHAReport", "SINGHAReport\SINGHAReport.csproj", "{8CEF2A70-6ED8-41B4-95C1-CFC864723FDB}"
EndProject
Project("{FAE04EC0-301F-11D3-BF4B-00C04F79EFBC}") = "BRAGENTPOSTest", "BRAGENTPOSTest\BRAGENTPOSTest.csproj", "{996A3ACD-4F57-4CD4-A0FD-ADF4BE8974F1}"
EndProject
Project("{FAE04EC0-301F-11D3-BF4B-00C04F79EFBC}") = "BRInterface", "BRInterface\BRInterface.csproj", "{BF10565A-06BE-4CDB-BEBC-7C467D326FF6}"
EndProject
Project("{FAE04EC0-301F-11D3-BF4B-00C04F79EFBC}") = "JsonLib", "JsonLib\JsonLib.csproj", "{04D535B4-9302-4247-B65C-F1D2D4C05752}"
EndProject
Project("{FAE04EC0-301F-11D3-BF4B-00C04F79EFBC}") = "SMLBRAccountPOS", "SMLBRAccountPOS\SMLBRAccountPOS.csproj", "{C72AE624-A964-4852-ACDB-80AE9C501665}"
EndProject
Project("{FAE04EC0-301F-11D3-BF4B-00C04F79EFBC}") = "SMLPPControl", "SMLPPControl\SMLPPControl.csproj", "{CA747492-FFB6-44C2-ABDA-3838417F30AE}"
EndProject
Project("{FAE04EC0-301F-11D3-BF4B-00C04F79EFBC}") = "SMLPPGlobal", "SMLPPGlobal\SMLPPGlobal.csproj", "{A3273741-481E-4D18-B610-6D65BA8D331A}"
EndProject
Project("{FAE04EC0-301F-11D3-BF4B-00C04F79EFBC}") = "SMLPPShipment", "SMLPPShipment\SMLPPShipment.csproj", "{84C4DDBE-777D-4061-9473-C416FD7B9E10}"
EndProject
Project("{FAE04EC0-301F-11D3-BF4B-00C04F79EFBC}") = "BRInterfaceControl", "BRInterfaceControl\BRInterfaceControl.csproj", "{BC8AC259-2673-4C2A-BFF2-8D4B3A55C659}"
EndProject
Project("{FAE04EC0-301F-11D3-BF4B-00C04F79EFBC}") = "SMLERPMailMessage", "SMLERPMailMessage\SMLERPMailMessage.csproj", "{8180A67B-562E-4030-A657-332D85F69EB4}"
EndProject
Project("{FAE04EC0-301F-11D3-BF4B-00C04F79EFBC}") = "SMLSINGHAControl", "SMLSINGHAControl\SMLSINGHAControl.csproj", "{4D211C6B-0CB7-4718-8567-78BEBA69C114}"
EndProject
Project("{FAE04EC0-301F-11D3-BF4B-00C04F79EFBC}") = "SMLDataAPI", "SMLDataAPI\SMLDataAPI.csproj", "{8FCBD6B7-83BC-4E18-9066-6423916DD171}"
EndProject
Project("{2150E333-8FDC-42A3-9474-1A3956D46DE8}") = "SMLDataAPI", "SMLDataAPI", "{AB4554ED-8788-4D09-BC74-E9D0BBFF2F46}"
EndProject
Project("{2150E333-8FDC-42A3-9474-1A3956D46DE8}") = "Routine", "Routine", "{7A035882-3651-40E8-A3DD-661BDE3F1DC1}"
EndProject
Project("{2150E333-8FDC-42A3-9474-1A3956D46DE8}") = "IC", "IC", "{F4D01CEA-D8AC-47E2-A763-87A761D7D873}"
EndProject
Project("{2150E333-8FDC-42A3-9474-1A3956D46DE8}") = "AP", "AP", "{AFEF6B0B-FB57-4F61-AF8A-C22D87C11B83}"
EndProject
Project("{2150E333-8FDC-42A3-9474-1A3956D46DE8}") = "AR", "AR", "{207DC1D1-699D-40F1-A11A-1622C116AE92}"
EndProject
Project("{2150E333-8FDC-42A3-9474-1A3956D46DE8}") = "Controls", "Controls", "{15386D22-5263-49EF-963F-664A6304FF8A}"
EndProject
Project("{2150E333-8FDC-42A3-9474-1A3956D46DE8}") = "Tools", "Tools", "{57AC59F7-311F-4E4A-A287-848487EE1528}"
EndProject
Project("{2150E333-8FDC-42A3-9474-1A3956D46DE8}") = "Report", "Report", "{54A2266E-4698-4C6B-A52C-F068D320955B}"
EndProject
Project("{2150E333-8FDC-42A3-9474-1A3956D46DE8}") = "ProjectOutput", "ProjectOutput", "{3B5E147D-357E-4F9E-8DBE-55D52CECA2CB}"
EndProject
Project("{2150E333-8FDC-42A3-9474-1A3956D46DE8}") = "Library", "Library", "{AF2445B2-FF37-4925-9716-692F2893FCBC}"
EndProject
Project("{FAE04EC0-301F-11D3-BF4B-00C04F79EFBC}") = "SMLEDIControl.Tests", "SMLEDIControl.Tests\SMLEDIControl.Tests.csproj", "{F64E2327-F24E-4EFE-8D98-2FED2E16AD24}"
EndProject
Global
	GlobalSection(SolutionConfigurationPlatforms) = preSolution
		Debug|Any CPU = Debug|Any CPU
		Debug|x86 = Debug|x86
		Release|Any CPU = Release|Any CPU
		Release|x86 = Release|x86
	EndGlobalSection
	GlobalSection(ProjectConfigurationPlatforms) = postSolution
		{5E55CF8E-F06F-4112-8F49-80D3F68BB75C}.Debug|Any CPU.ActiveCfg = Debug|x86
		{5E55CF8E-F06F-4112-8F49-80D3F68BB75C}.Debug|Any CPU.Build.0 = Debug|x86
		{5E55CF8E-F06F-4112-8F49-80D3F68BB75C}.Debug|x86.ActiveCfg = Debug|x86
		{5E55CF8E-F06F-4112-8F49-80D3F68BB75C}.Debug|x86.Build.0 = Debug|x86
		{5E55CF8E-F06F-4112-8F49-80D3F68BB75C}.Release|Any CPU.ActiveCfg = Release|Any CPU
		{5E55CF8E-F06F-4112-8F49-80D3F68BB75C}.Release|Any CPU.Build.0 = Release|Any CPU
		{5E55CF8E-F06F-4112-8F49-80D3F68BB75C}.Release|x86.ActiveCfg = Release|Any CPU
		{5E55CF8E-F06F-4112-8F49-80D3F68BB75C}.Release|x86.Build.0 = Release|Any CPU
		{DE365EE5-91AF-4A6B-BBB7-2B95DF29BE93}.Debug|Any CPU.ActiveCfg = Debug|x86
		{DE365EE5-91AF-4A6B-BBB7-2B95DF29BE93}.Debug|Any CPU.Build.0 = Debug|x86
		{DE365EE5-91AF-4A6B-BBB7-2B95DF29BE93}.Debug|x86.ActiveCfg = Debug|x86
		{DE365EE5-91AF-4A6B-BBB7-2B95DF29BE93}.Debug|x86.Build.0 = Debug|x86
		{DE365EE5-91AF-4A6B-BBB7-2B95DF29BE93}.Release|Any CPU.ActiveCfg = Release|Any CPU
		{DE365EE5-91AF-4A6B-BBB7-2B95DF29BE93}.Release|Any CPU.Build.0 = Release|Any CPU
		{DE365EE5-91AF-4A6B-BBB7-2B95DF29BE93}.Release|x86.ActiveCfg = Release|Any CPU
		{DE365EE5-91AF-4A6B-BBB7-2B95DF29BE93}.Release|x86.Build.0 = Release|Any CPU
		{F0775858-09E3-4E7A-BA54-AEFEAD417A13}.Debug|Any CPU.ActiveCfg = Debug|x86
		{F0775858-09E3-4E7A-BA54-AEFEAD417A13}.Debug|Any CPU.Build.0 = Debug|x86
		{F0775858-09E3-4E7A-BA54-AEFEAD417A13}.Debug|x86.ActiveCfg = Debug|x86
		{F0775858-09E3-4E7A-BA54-AEFEAD417A13}.Debug|x86.Build.0 = Debug|x86
		{F0775858-09E3-4E7A-BA54-AEFEAD417A13}.Release|Any CPU.ActiveCfg = Release|Any CPU
		{F0775858-09E3-4E7A-BA54-AEFEAD417A13}.Release|Any CPU.Build.0 = Release|Any CPU
		{F0775858-09E3-4E7A-BA54-AEFEAD417A13}.Release|x86.ActiveCfg = Release|Any CPU
		{F0775858-09E3-4E7A-BA54-AEFEAD417A13}.Release|x86.Build.0 = Release|Any CPU
		{5F014003-50D8-49E0-8AFE-91D38DCCC97C}.Debug|Any CPU.ActiveCfg = Debug|x86
		{5F014003-50D8-49E0-8AFE-91D38DCCC97C}.Debug|Any CPU.Build.0 = Debug|x86
		{5F014003-50D8-49E0-8AFE-91D38DCCC97C}.Debug|x86.ActiveCfg = Debug|x86
		{5F014003-50D8-49E0-8AFE-91D38DCCC97C}.Debug|x86.Build.0 = Debug|x86
		{5F014003-50D8-49E0-8AFE-91D38DCCC97C}.Release|Any CPU.ActiveCfg = Release|Any CPU
		{5F014003-50D8-49E0-8AFE-91D38DCCC97C}.Release|Any CPU.Build.0 = Release|Any CPU
		{5F014003-50D8-49E0-8AFE-91D38DCCC97C}.Release|x86.ActiveCfg = Release|Any CPU
		{5F014003-50D8-49E0-8AFE-91D38DCCC97C}.Release|x86.Build.0 = Release|Any CPU
		{B00AE765-8212-43FD-8E70-768A6C20EE93}.Debug|Any CPU.ActiveCfg = Release|x86
		{B00AE765-8212-43FD-8E70-768A6C20EE93}.Debug|Any CPU.Build.0 = Release|x86
		{B00AE765-8212-43FD-8E70-768A6C20EE93}.Debug|x86.ActiveCfg = Release|x86
		{B00AE765-8212-43FD-8E70-768A6C20EE93}.Debug|x86.Build.0 = Release|x86
		{B00AE765-8212-43FD-8E70-768A6C20EE93}.Release|Any CPU.ActiveCfg = Release|Any CPU
		{B00AE765-8212-43FD-8E70-768A6C20EE93}.Release|Any CPU.Build.0 = Release|Any CPU
		{B00AE765-8212-43FD-8E70-768A6C20EE93}.Release|x86.ActiveCfg = Release|Any CPU
		{B00AE765-8212-43FD-8E70-768A6C20EE93}.Release|x86.Build.0 = Release|Any CPU
		{2B8BE631-35AD-48DC-9D77-35B785A9F7DF}.Debug|Any CPU.ActiveCfg = Debug|x86
		{2B8BE631-35AD-48DC-9D77-35B785A9F7DF}.Debug|Any CPU.Build.0 = Debug|x86
		{2B8BE631-35AD-48DC-9D77-35B785A9F7DF}.Debug|x86.ActiveCfg = Debug|x86
		{2B8BE631-35AD-48DC-9D77-35B785A9F7DF}.Debug|x86.Build.0 = Debug|x86
		{2B8BE631-35AD-48DC-9D77-35B785A9F7DF}.Release|Any CPU.ActiveCfg = Release|Any CPU
		{2B8BE631-35AD-48DC-9D77-35B785A9F7DF}.Release|x86.ActiveCfg = Release|Any CPU
		{2B8BE631-35AD-48DC-9D77-35B785A9F7DF}.Release|x86.Build.0 = Release|Any CPU
		{7AA146B8-A728-4C9C-869F-07B0C196A7EE}.Debug|Any CPU.ActiveCfg = Debug|x86
		{7AA146B8-A728-4C9C-869F-07B0C196A7EE}.Debug|x86.ActiveCfg = Debug|x86
		{7AA146B8-A728-4C9C-869F-07B0C196A7EE}.Debug|x86.Build.0 = Debug|x86
		{7AA146B8-A728-4C9C-869F-07B0C196A7EE}.Release|Any CPU.ActiveCfg = Release|x86
		{7AA146B8-A728-4C9C-869F-07B0C196A7EE}.Release|x86.ActiveCfg = Release|x86
		{7AA146B8-A728-4C9C-869F-07B0C196A7EE}.Release|x86.Build.0 = Release|x86
		{B07C2464-34A3-4BCA-8826-8F42BB9AD022}.Debug|Any CPU.ActiveCfg = Debug|x86
		{B07C2464-34A3-4BCA-8826-8F42BB9AD022}.Debug|Any CPU.Build.0 = Debug|x86
		{B07C2464-34A3-4BCA-8826-8F42BB9AD022}.Debug|x86.ActiveCfg = Debug|x86
		{B07C2464-34A3-4BCA-8826-8F42BB9AD022}.Debug|x86.Build.0 = Debug|x86
		{B07C2464-34A3-4BCA-8826-8F42BB9AD022}.Release|Any CPU.ActiveCfg = Release|Any CPU
		{B07C2464-34A3-4BCA-8826-8F42BB9AD022}.Release|Any CPU.Build.0 = Release|Any CPU
		{B07C2464-34A3-4BCA-8826-8F42BB9AD022}.Release|x86.ActiveCfg = Release|x86
		{B07C2464-34A3-4BCA-8826-8F42BB9AD022}.Release|x86.Build.0 = Release|x86
		{47EA8CA3-3FBF-4E90-A811-AB61F48EC9D6}.Debug|Any CPU.ActiveCfg = Debug|x86
		{47EA8CA3-3FBF-4E90-A811-AB61F48EC9D6}.Debug|Any CPU.Build.0 = Debug|x86
		{47EA8CA3-3FBF-4E90-A811-AB61F48EC9D6}.Debug|x86.ActiveCfg = Debug|x86
		{47EA8CA3-3FBF-4E90-A811-AB61F48EC9D6}.Debug|x86.Build.0 = Debug|x86
		{47EA8CA3-3FBF-4E90-A811-AB61F48EC9D6}.Release|Any CPU.ActiveCfg = Release|Any CPU
		{47EA8CA3-3FBF-4E90-A811-AB61F48EC9D6}.Release|Any CPU.Build.0 = Release|Any CPU
		{47EA8CA3-3FBF-4E90-A811-AB61F48EC9D6}.Release|x86.ActiveCfg = Release|Any CPU
		{47EA8CA3-3FBF-4E90-A811-AB61F48EC9D6}.Release|x86.Build.0 = Release|Any CPU
		{4C2C0F42-FE26-4CA5-99B5-543AB784551C}.Debug|Any CPU.ActiveCfg = Debug|x86
		{4C2C0F42-FE26-4CA5-99B5-543AB784551C}.Debug|Any CPU.Build.0 = Debug|x86
		{4C2C0F42-FE26-4CA5-99B5-543AB784551C}.Debug|x86.ActiveCfg = Debug|x86
		{4C2C0F42-FE26-4CA5-99B5-543AB784551C}.Debug|x86.Build.0 = Debug|x86
		{4C2C0F42-FE26-4CA5-99B5-543AB784551C}.Release|Any CPU.ActiveCfg = Release|Any CPU
		{4C2C0F42-FE26-4CA5-99B5-543AB784551C}.Release|Any CPU.Build.0 = Release|Any CPU
		{4C2C0F42-FE26-4CA5-99B5-543AB784551C}.Release|x86.ActiveCfg = Release|Any CPU
		{4C2C0F42-FE26-4CA5-99B5-543AB784551C}.Release|x86.Build.0 = Release|Any CPU
		{1DD6CD38-CFC5-4E87-9544-F6A8F351216F}.Debug|Any CPU.ActiveCfg = Debug|x86
		{1DD6CD38-CFC5-4E87-9544-F6A8F351216F}.Debug|Any CPU.Build.0 = Debug|x86
		{1DD6CD38-CFC5-4E87-9544-F6A8F351216F}.Debug|x86.ActiveCfg = Debug|x86
		{1DD6CD38-CFC5-4E87-9544-F6A8F351216F}.Debug|x86.Build.0 = Debug|x86
		{1DD6CD38-CFC5-4E87-9544-F6A8F351216F}.Release|Any CPU.ActiveCfg = Release|x86
		{1DD6CD38-CFC5-4E87-9544-F6A8F351216F}.Release|x86.ActiveCfg = Release|x86
		{1DD6CD38-CFC5-4E87-9544-F6A8F351216F}.Release|x86.Build.0 = Release|x86
		{42659F86-5FC4-4CC9-A0F5-002320A0D4E4}.Debug|Any CPU.ActiveCfg = Debug|x86
		{42659F86-5FC4-4CC9-A0F5-002320A0D4E4}.Debug|x86.ActiveCfg = Debug|x86
		{42659F86-5FC4-4CC9-A0F5-002320A0D4E4}.Debug|x86.Build.0 = Debug|x86
		{42659F86-5FC4-4CC9-A0F5-002320A0D4E4}.Release|Any CPU.ActiveCfg = Release|x86
		{42659F86-5FC4-4CC9-A0F5-002320A0D4E4}.Release|x86.ActiveCfg = Release|x86
		{42659F86-5FC4-4CC9-A0F5-002320A0D4E4}.Release|x86.Build.0 = Release|x86
		{488C5EA3-F91A-4ADA-90C3-8E06ECC097C6}.Debug|Any CPU.ActiveCfg = Debug|x86
		{488C5EA3-F91A-4ADA-90C3-8E06ECC097C6}.Debug|Any CPU.Build.0 = Debug|x86
		{488C5EA3-F91A-4ADA-90C3-8E06ECC097C6}.Debug|x86.ActiveCfg = Debug|x86
		{488C5EA3-F91A-4ADA-90C3-8E06ECC097C6}.Debug|x86.Build.0 = Debug|x86
		{488C5EA3-F91A-4ADA-90C3-8E06ECC097C6}.Release|Any CPU.ActiveCfg = Release|Any CPU
		{488C5EA3-F91A-4ADA-90C3-8E06ECC097C6}.Release|Any CPU.Build.0 = Release|Any CPU
		{488C5EA3-F91A-4ADA-90C3-8E06ECC097C6}.Release|x86.ActiveCfg = Release|Any CPU
		{488C5EA3-F91A-4ADA-90C3-8E06ECC097C6}.Release|x86.Build.0 = Release|Any CPU
		{FDEDF595-129C-4139-B719-CAE5DA9B75C1}.Debug|Any CPU.ActiveCfg = Debug|x86
		{FDEDF595-129C-4139-B719-CAE5DA9B75C1}.Debug|Any CPU.Build.0 = Debug|x86
		{FDEDF595-129C-4139-B719-CAE5DA9B75C1}.Debug|x86.ActiveCfg = Debug|x86
		{FDEDF595-129C-4139-B719-CAE5DA9B75C1}.Debug|x86.Build.0 = Debug|x86
		{FDEDF595-129C-4139-B719-CAE5DA9B75C1}.Release|Any CPU.ActiveCfg = Release|Any CPU
		{FDEDF595-129C-4139-B719-CAE5DA9B75C1}.Release|Any CPU.Build.0 = Release|Any CPU
		{FDEDF595-129C-4139-B719-CAE5DA9B75C1}.Release|x86.ActiveCfg = Release|Any CPU
		{FDEDF595-129C-4139-B719-CAE5DA9B75C1}.Release|x86.Build.0 = Release|Any CPU
		{10E6C79A-BEA7-4F15-A15B-697194907AD1}.Debug|Any CPU.ActiveCfg = Debug|x86
		{10E6C79A-BEA7-4F15-A15B-697194907AD1}.Debug|x86.ActiveCfg = Debug|x86
		{10E6C79A-BEA7-4F15-A15B-697194907AD1}.Debug|x86.Build.0 = Debug|x86
		{10E6C79A-BEA7-4F15-A15B-697194907AD1}.Release|Any CPU.ActiveCfg = Release|x86
		{10E6C79A-BEA7-4F15-A15B-697194907AD1}.Release|x86.ActiveCfg = Release|x86
		{10E6C79A-BEA7-4F15-A15B-697194907AD1}.Release|x86.Build.0 = Release|x86
		{9F581075-7B1F-4C2F-AD0F-B798280430C0}.Debug|Any CPU.ActiveCfg = Debug|x86
		{9F581075-7B1F-4C2F-AD0F-B798280430C0}.Debug|x86.ActiveCfg = Debug|x86
		{9F581075-7B1F-4C2F-AD0F-B798280430C0}.Debug|x86.Build.0 = Debug|x86
		{9F581075-7B1F-4C2F-AD0F-B798280430C0}.Release|Any CPU.ActiveCfg = Release|x86
		{9F581075-7B1F-4C2F-AD0F-B798280430C0}.Release|x86.ActiveCfg = Release|x86
		{9F581075-7B1F-4C2F-AD0F-B798280430C0}.Release|x86.Build.0 = Release|x86
		{28DF96FE-38E5-44FE-83A9-F6FB1C166131}.Debug|Any CPU.ActiveCfg = Debug|Any CPU
		{28DF96FE-38E5-44FE-83A9-F6FB1C166131}.Debug|Any CPU.Build.0 = Debug|Any CPU
		{28DF96FE-38E5-44FE-83A9-F6FB1C166131}.Debug|x86.ActiveCfg = Debug|x86
		{28DF96FE-38E5-44FE-83A9-F6FB1C166131}.Debug|x86.Build.0 = Debug|x86
		{28DF96FE-38E5-44FE-83A9-F6FB1C166131}.Release|Any CPU.ActiveCfg = Release|Any CPU
		{28DF96FE-38E5-44FE-83A9-F6FB1C166131}.Release|Any CPU.Build.0 = Release|Any CPU
		{28DF96FE-38E5-44FE-83A9-F6FB1C166131}.Release|x86.ActiveCfg = Release|Any CPU
		{28DF96FE-38E5-44FE-83A9-F6FB1C166131}.Release|x86.Build.0 = Release|Any CPU
		{3126F214-609A-47F6-AB7B-88B520F6CDBB}.Debug|Any CPU.ActiveCfg = Debug|x86
		{3126F214-609A-47F6-AB7B-88B520F6CDBB}.Debug|x86.ActiveCfg = Debug|x86
		{3126F214-609A-47F6-AB7B-88B520F6CDBB}.Debug|x86.Build.0 = Debug|x86
		{3126F214-609A-47F6-AB7B-88B520F6CDBB}.Release|Any CPU.ActiveCfg = Release|x86
		{3126F214-609A-47F6-AB7B-88B520F6CDBB}.Release|x86.ActiveCfg = Release|x86
		{3126F214-609A-47F6-AB7B-88B520F6CDBB}.Release|x86.Build.0 = Release|x86
		{3F71EFCB-5E11-4509-8EDF-EFE9484A6CCF}.Debug|Any CPU.ActiveCfg = Debug|x86
		{3F71EFCB-5E11-4509-8EDF-EFE9484A6CCF}.Debug|Any CPU.Build.0 = Debug|x86
		{3F71EFCB-5E11-4509-8EDF-EFE9484A6CCF}.Debug|x86.ActiveCfg = Debug|x86
		{3F71EFCB-5E11-4509-8EDF-EFE9484A6CCF}.Debug|x86.Build.0 = Debug|x86
		{3F71EFCB-5E11-4509-8EDF-EFE9484A6CCF}.Release|Any CPU.ActiveCfg = Release|Any CPU
		{3F71EFCB-5E11-4509-8EDF-EFE9484A6CCF}.Release|Any CPU.Build.0 = Release|Any CPU
		{3F71EFCB-5E11-4509-8EDF-EFE9484A6CCF}.Release|x86.ActiveCfg = Release|x86
		{3F71EFCB-5E11-4509-8EDF-EFE9484A6CCF}.Release|x86.Build.0 = Release|x86
		{44F278E2-5FEE-4851-8DCD-145360B9885C}.Debug|Any CPU.ActiveCfg = Debug|x86
		{44F278E2-5FEE-4851-8DCD-145360B9885C}.Debug|Any CPU.Build.0 = Debug|x86
		{44F278E2-5FEE-4851-8DCD-145360B9885C}.Debug|x86.ActiveCfg = Debug|x86
		{44F278E2-5FEE-4851-8DCD-145360B9885C}.Debug|x86.Build.0 = Debug|x86
		{44F278E2-5FEE-4851-8DCD-145360B9885C}.Release|Any CPU.ActiveCfg = Release|Any CPU
		{44F278E2-5FEE-4851-8DCD-145360B9885C}.Release|Any CPU.Build.0 = Release|Any CPU
		{44F278E2-5FEE-4851-8DCD-145360B9885C}.Release|x86.ActiveCfg = Release|Any CPU
		{44F278E2-5FEE-4851-8DCD-145360B9885C}.Release|x86.Build.0 = Release|Any CPU
		{DAE36B47-AE67-4854-AAF2-173348B9702F}.Debug|Any CPU.ActiveCfg = Debug|x86
		{DAE36B47-AE67-4854-AAF2-173348B9702F}.Debug|Any CPU.Build.0 = Debug|x86
		{DAE36B47-AE67-4854-AAF2-173348B9702F}.Debug|x86.ActiveCfg = Debug|x86
		{DAE36B47-AE67-4854-AAF2-173348B9702F}.Debug|x86.Build.0 = Debug|x86
		{DAE36B47-AE67-4854-AAF2-173348B9702F}.Release|Any CPU.ActiveCfg = Release|Any CPU
		{DAE36B47-AE67-4854-AAF2-173348B9702F}.Release|Any CPU.Build.0 = Release|Any CPU
		{DAE36B47-AE67-4854-AAF2-173348B9702F}.Release|x86.ActiveCfg = Release|Any CPU
		{DAE36B47-AE67-4854-AAF2-173348B9702F}.Release|x86.Build.0 = Release|Any CPU
		{CE363FF2-8ABF-438A-8D75-9F9C8C5F3C1F}.Debug|Any CPU.ActiveCfg = Debug|x86
		{CE363FF2-8ABF-438A-8D75-9F9C8C5F3C1F}.Debug|Any CPU.Build.0 = Debug|x86
		{CE363FF2-8ABF-438A-8D75-9F9C8C5F3C1F}.Debug|x86.ActiveCfg = Debug|x86
		{CE363FF2-8ABF-438A-8D75-9F9C8C5F3C1F}.Debug|x86.Build.0 = Debug|x86
		{CE363FF2-8ABF-438A-8D75-9F9C8C5F3C1F}.Release|Any CPU.ActiveCfg = Release|Any CPU
		{CE363FF2-8ABF-438A-8D75-9F9C8C5F3C1F}.Release|Any CPU.Build.0 = Release|Any CPU
		{CE363FF2-8ABF-438A-8D75-9F9C8C5F3C1F}.Release|x86.ActiveCfg = Release|Any CPU
		{CE363FF2-8ABF-438A-8D75-9F9C8C5F3C1F}.Release|x86.Build.0 = Release|Any CPU
		{AFBF6BAA-902C-4D50-8A4D-2070FB72A956}.Debug|Any CPU.ActiveCfg = Debug|x86
		{AFBF6BAA-902C-4D50-8A4D-2070FB72A956}.Debug|Any CPU.Build.0 = Debug|x86
		{AFBF6BAA-902C-4D50-8A4D-2070FB72A956}.Debug|x86.ActiveCfg = Debug|x86
		{AFBF6BAA-902C-4D50-8A4D-2070FB72A956}.Debug|x86.Build.0 = Debug|x86
		{AFBF6BAA-902C-4D50-8A4D-2070FB72A956}.Release|Any CPU.ActiveCfg = Release|Any CPU
		{AFBF6BAA-902C-4D50-8A4D-2070FB72A956}.Release|Any CPU.Build.0 = Release|Any CPU
		{AFBF6BAA-902C-4D50-8A4D-2070FB72A956}.Release|x86.ActiveCfg = Release|Any CPU
		{AFBF6BAA-902C-4D50-8A4D-2070FB72A956}.Release|x86.Build.0 = Release|Any CPU
		{0EFA6365-CBC3-4986-BE14-EF37A694520B}.Debug|Any CPU.ActiveCfg = Debug|x86
		{0EFA6365-CBC3-4986-BE14-EF37A694520B}.Debug|x86.ActiveCfg = Debug|x86
		{0EFA6365-CBC3-4986-BE14-EF37A694520B}.Debug|x86.Build.0 = Debug|x86
		{0EFA6365-CBC3-4986-BE14-EF37A694520B}.Release|Any CPU.ActiveCfg = Release|x86
		{0EFA6365-CBC3-4986-BE14-EF37A694520B}.Release|x86.ActiveCfg = Release|x86
		{0EFA6365-CBC3-4986-BE14-EF37A694520B}.Release|x86.Build.0 = Release|x86
		{D03F726A-A232-41AB-AED7-6C997C84AC85}.Debug|Any CPU.ActiveCfg = Debug|x86
		{D03F726A-A232-41AB-AED7-6C997C84AC85}.Debug|Any CPU.Build.0 = Debug|x86
		{D03F726A-A232-41AB-AED7-6C997C84AC85}.Debug|x86.ActiveCfg = Debug|x86
		{D03F726A-A232-41AB-AED7-6C997C84AC85}.Debug|x86.Build.0 = Debug|x86
		{D03F726A-A232-41AB-AED7-6C997C84AC85}.Release|Any CPU.ActiveCfg = Release|Any CPU
		{D03F726A-A232-41AB-AED7-6C997C84AC85}.Release|Any CPU.Build.0 = Release|Any CPU
		{D03F726A-A232-41AB-AED7-6C997C84AC85}.Release|x86.ActiveCfg = Release|Any CPU
		{D03F726A-A232-41AB-AED7-6C997C84AC85}.Release|x86.Build.0 = Release|Any CPU
		{72DC59D6-C11D-430C-950B-B5266FB463E8}.Debug|Any CPU.ActiveCfg = Debug|x86
		{72DC59D6-C11D-430C-950B-B5266FB463E8}.Debug|Any CPU.Build.0 = Debug|x86
		{72DC59D6-C11D-430C-950B-B5266FB463E8}.Debug|x86.ActiveCfg = Debug|x86
		{72DC59D6-C11D-430C-950B-B5266FB463E8}.Debug|x86.Build.0 = Debug|x86
		{72DC59D6-C11D-430C-950B-B5266FB463E8}.Release|Any CPU.ActiveCfg = Release|Any CPU
		{72DC59D6-C11D-430C-950B-B5266FB463E8}.Release|Any CPU.Build.0 = Release|Any CPU
		{72DC59D6-C11D-430C-950B-B5266FB463E8}.Release|x86.ActiveCfg = Release|Any CPU
		{72DC59D6-C11D-430C-950B-B5266FB463E8}.Release|x86.Build.0 = Release|Any CPU
		{A79D2994-F2B4-4D54-9493-4CA1C036641B}.Debug|Any CPU.ActiveCfg = Debug|x86
		{A79D2994-F2B4-4D54-9493-4CA1C036641B}.Debug|Any CPU.Build.0 = Debug|x86
		{A79D2994-F2B4-4D54-9493-4CA1C036641B}.Debug|x86.ActiveCfg = Debug|x86
		{A79D2994-F2B4-4D54-9493-4CA1C036641B}.Debug|x86.Build.0 = Debug|x86
		{A79D2994-F2B4-4D54-9493-4CA1C036641B}.Release|Any CPU.ActiveCfg = Release|Any CPU
		{A79D2994-F2B4-4D54-9493-4CA1C036641B}.Release|Any CPU.Build.0 = Release|Any CPU
		{A79D2994-F2B4-4D54-9493-4CA1C036641B}.Release|x86.ActiveCfg = Release|x86
		{A79D2994-F2B4-4D54-9493-4CA1C036641B}.Release|x86.Build.0 = Release|x86
		{B9445ECD-2E5D-480A-A6BD-8A634DC2EE38}.Debug|Any CPU.ActiveCfg = Debug|x86
		{B9445ECD-2E5D-480A-A6BD-8A634DC2EE38}.Debug|Any CPU.Build.0 = Debug|x86
		{B9445ECD-2E5D-480A-A6BD-8A634DC2EE38}.Debug|x86.ActiveCfg = Debug|x86
		{B9445ECD-2E5D-480A-A6BD-8A634DC2EE38}.Debug|x86.Build.0 = Debug|x86
		{B9445ECD-2E5D-480A-A6BD-8A634DC2EE38}.Release|Any CPU.ActiveCfg = Release|Any CPU
		{B9445ECD-2E5D-480A-A6BD-8A634DC2EE38}.Release|Any CPU.Build.0 = Release|Any CPU
		{B9445ECD-2E5D-480A-A6BD-8A634DC2EE38}.Release|x86.ActiveCfg = Release|Any CPU
		{B9445ECD-2E5D-480A-A6BD-8A634DC2EE38}.Release|x86.Build.0 = Release|Any CPU
		{4A49FD0B-4FB5-4640-A1A0-AC6C97D01377}.Debug|Any CPU.ActiveCfg = Debug|x86
		{4A49FD0B-4FB5-4640-A1A0-AC6C97D01377}.Debug|Any CPU.Build.0 = Debug|x86
		{4A49FD0B-4FB5-4640-A1A0-AC6C97D01377}.Debug|x86.ActiveCfg = Debug|x86
		{4A49FD0B-4FB5-4640-A1A0-AC6C97D01377}.Debug|x86.Build.0 = Debug|x86
		{4A49FD0B-4FB5-4640-A1A0-AC6C97D01377}.Release|Any CPU.ActiveCfg = Release|Any CPU
		{4A49FD0B-4FB5-4640-A1A0-AC6C97D01377}.Release|Any CPU.Build.0 = Release|Any CPU
		{4A49FD0B-4FB5-4640-A1A0-AC6C97D01377}.Release|x86.ActiveCfg = Release|x86
		{4A49FD0B-4FB5-4640-A1A0-AC6C97D01377}.Release|x86.Build.0 = Release|x86
		{5208DB5E-2327-414A-9170-86AA6B6C0E71}.Debug|Any CPU.ActiveCfg = Debug|x86
		{5208DB5E-2327-414A-9170-86AA6B6C0E71}.Debug|Any CPU.Build.0 = Debug|x86
		{5208DB5E-2327-414A-9170-86AA6B6C0E71}.Debug|x86.ActiveCfg = Debug|x86
		{5208DB5E-2327-414A-9170-86AA6B6C0E71}.Debug|x86.Build.0 = Debug|x86
		{5208DB5E-2327-414A-9170-86AA6B6C0E71}.Release|Any CPU.ActiveCfg = Release|Any CPU
		{5208DB5E-2327-414A-9170-86AA6B6C0E71}.Release|Any CPU.Build.0 = Release|Any CPU
		{5208DB5E-2327-414A-9170-86AA6B6C0E71}.Release|x86.ActiveCfg = Release|Any CPU
		{5208DB5E-2327-414A-9170-86AA6B6C0E71}.Release|x86.Build.0 = Release|Any CPU
		{8F7C5F5C-AA9E-443D-8B52-DF3932153B31}.Debug|Any CPU.ActiveCfg = Debug|x86
		{8F7C5F5C-AA9E-443D-8B52-DF3932153B31}.Debug|Any CPU.Build.0 = Debug|x86
		{8F7C5F5C-AA9E-443D-8B52-DF3932153B31}.Debug|x86.ActiveCfg = Debug|x86
		{8F7C5F5C-AA9E-443D-8B52-DF3932153B31}.Debug|x86.Build.0 = Debug|x86
		{8F7C5F5C-AA9E-443D-8B52-DF3932153B31}.Release|Any CPU.ActiveCfg = Release|Any CPU
		{8F7C5F5C-AA9E-443D-8B52-DF3932153B31}.Release|Any CPU.Build.0 = Release|Any CPU
		{8F7C5F5C-AA9E-443D-8B52-DF3932153B31}.Release|x86.ActiveCfg = Release|x86
		{8F7C5F5C-AA9E-443D-8B52-DF3932153B31}.Release|x86.Build.0 = Release|x86
		{CD0B05F2-4085-468A-9ED8-FAC39C16AD89}.Debug|Any CPU.ActiveCfg = Debug|x86
		{CD0B05F2-4085-468A-9ED8-FAC39C16AD89}.Debug|Any CPU.Build.0 = Debug|x86
		{CD0B05F2-4085-468A-9ED8-FAC39C16AD89}.Debug|x86.ActiveCfg = Debug|x86
		{CD0B05F2-4085-468A-9ED8-FAC39C16AD89}.Debug|x86.Build.0 = Debug|x86
		{CD0B05F2-4085-468A-9ED8-FAC39C16AD89}.Release|Any CPU.ActiveCfg = Release|Any CPU
		{CD0B05F2-4085-468A-9ED8-FAC39C16AD89}.Release|Any CPU.Build.0 = Release|Any CPU
		{CD0B05F2-4085-468A-9ED8-FAC39C16AD89}.Release|x86.ActiveCfg = Release|Any CPU
		{CD0B05F2-4085-468A-9ED8-FAC39C16AD89}.Release|x86.Build.0 = Release|Any CPU
		{B9E32AF4-28F3-4097-AE65-234D11983359}.Debug|Any CPU.ActiveCfg = Debug|x86
		{B9E32AF4-28F3-4097-AE65-234D11983359}.Debug|Any CPU.Build.0 = Debug|x86
		{B9E32AF4-28F3-4097-AE65-234D11983359}.Debug|x86.ActiveCfg = Debug|x86
		{B9E32AF4-28F3-4097-AE65-234D11983359}.Debug|x86.Build.0 = Debug|x86
		{B9E32AF4-28F3-4097-AE65-234D11983359}.Release|Any CPU.ActiveCfg = Release|Any CPU
		{B9E32AF4-28F3-4097-AE65-234D11983359}.Release|Any CPU.Build.0 = Release|Any CPU
		{B9E32AF4-28F3-4097-AE65-234D11983359}.Release|x86.ActiveCfg = Release|x86
		{B9E32AF4-28F3-4097-AE65-234D11983359}.Release|x86.Build.0 = Release|x86
		{D81C3BD6-3AD4-47E0-93C7-B37EEC82B62A}.Debug|Any CPU.ActiveCfg = Debug|x86
		{D81C3BD6-3AD4-47E0-93C7-B37EEC82B62A}.Debug|Any CPU.Build.0 = Debug|x86
		{D81C3BD6-3AD4-47E0-93C7-B37EEC82B62A}.Debug|x86.ActiveCfg = Debug|x86
		{D81C3BD6-3AD4-47E0-93C7-B37EEC82B62A}.Debug|x86.Build.0 = Debug|x86
		{D81C3BD6-3AD4-47E0-93C7-B37EEC82B62A}.Release|Any CPU.ActiveCfg = Release|Any CPU
		{D81C3BD6-3AD4-47E0-93C7-B37EEC82B62A}.Release|Any CPU.Build.0 = Release|Any CPU
		{D81C3BD6-3AD4-47E0-93C7-B37EEC82B62A}.Release|x86.ActiveCfg = Release|x86
		{D81C3BD6-3AD4-47E0-93C7-B37EEC82B62A}.Release|x86.Build.0 = Release|x86
		{74253644-DE8A-43E8-A9C1-3C50FFC570A2}.Debug|Any CPU.ActiveCfg = Debug|x86
		{74253644-DE8A-43E8-A9C1-3C50FFC570A2}.Debug|Any CPU.Build.0 = Debug|x86
		{74253644-DE8A-43E8-A9C1-3C50FFC570A2}.Debug|x86.ActiveCfg = Debug|x86
		{74253644-DE8A-43E8-A9C1-3C50FFC570A2}.Debug|x86.Build.0 = Debug|x86
		{74253644-DE8A-43E8-A9C1-3C50FFC570A2}.Release|Any CPU.ActiveCfg = Release|Any CPU
		{74253644-DE8A-43E8-A9C1-3C50FFC570A2}.Release|Any CPU.Build.0 = Release|Any CPU
		{74253644-DE8A-43E8-A9C1-3C50FFC570A2}.Release|x86.ActiveCfg = Release|Any CPU
		{74253644-DE8A-43E8-A9C1-3C50FFC570A2}.Release|x86.Build.0 = Release|Any CPU
		{41B81586-3B62-4C5F-89C8-74A21A53FA96}.Debug|Any CPU.ActiveCfg = Debug|x86
		{41B81586-3B62-4C5F-89C8-74A21A53FA96}.Debug|Any CPU.Build.0 = Debug|x86
		{41B81586-3B62-4C5F-89C8-74A21A53FA96}.Debug|x86.ActiveCfg = Debug|x86
		{41B81586-3B62-4C5F-89C8-74A21A53FA96}.Debug|x86.Build.0 = Debug|x86
		{41B81586-3B62-4C5F-89C8-74A21A53FA96}.Release|Any CPU.ActiveCfg = Release|x86
		{41B81586-3B62-4C5F-89C8-74A21A53FA96}.Release|x86.ActiveCfg = Release|x86
		{41B81586-3B62-4C5F-89C8-74A21A53FA96}.Release|x86.Build.0 = Release|x86
		{FE37DB34-D7D6-441C-AF95-41A8CBE06FDB}.Debug|Any CPU.ActiveCfg = Debug|x86
		{FE37DB34-D7D6-441C-AF95-41A8CBE06FDB}.Debug|Any CPU.Build.0 = Debug|x86
		{FE37DB34-D7D6-441C-AF95-41A8CBE06FDB}.Debug|x86.ActiveCfg = Debug|x86
		{FE37DB34-D7D6-441C-AF95-41A8CBE06FDB}.Debug|x86.Build.0 = Debug|x86
		{FE37DB34-D7D6-441C-AF95-41A8CBE06FDB}.Release|Any CPU.ActiveCfg = Release|Any CPU
		{FE37DB34-D7D6-441C-AF95-41A8CBE06FDB}.Release|Any CPU.Build.0 = Release|Any CPU
		{FE37DB34-D7D6-441C-AF95-41A8CBE06FDB}.Release|x86.ActiveCfg = Release|x86
		{FE37DB34-D7D6-441C-AF95-41A8CBE06FDB}.Release|x86.Build.0 = Release|x86
		{5645B824-BFF4-4C0A-9533-0B75527E90C6}.Debug|Any CPU.ActiveCfg = Debug|x86
		{5645B824-BFF4-4C0A-9533-0B75527E90C6}.Debug|Any CPU.Build.0 = Debug|x86
		{5645B824-BFF4-4C0A-9533-0B75527E90C6}.Debug|x86.ActiveCfg = Debug|x86
		{5645B824-BFF4-4C0A-9533-0B75527E90C6}.Debug|x86.Build.0 = Debug|x86
		{5645B824-BFF4-4C0A-9533-0B75527E90C6}.Release|Any CPU.ActiveCfg = Release|Any CPU
		{5645B824-BFF4-4C0A-9533-0B75527E90C6}.Release|Any CPU.Build.0 = Release|Any CPU
		{5645B824-BFF4-4C0A-9533-0B75527E90C6}.Release|x86.ActiveCfg = Release|Any CPU
		{5645B824-BFF4-4C0A-9533-0B75527E90C6}.Release|x86.Build.0 = Release|Any CPU
		{85C11DA4-5648-4B04-94AE-FB2C75991C0A}.Debug|Any CPU.ActiveCfg = Debug|x86
		{85C11DA4-5648-4B04-94AE-FB2C75991C0A}.Debug|Any CPU.Build.0 = Debug|x86
		{85C11DA4-5648-4B04-94AE-FB2C75991C0A}.Debug|x86.ActiveCfg = Debug|x86
		{85C11DA4-5648-4B04-94AE-FB2C75991C0A}.Debug|x86.Build.0 = Debug|x86
		{85C11DA4-5648-4B04-94AE-FB2C75991C0A}.Release|Any CPU.ActiveCfg = Release|Any CPU
		{85C11DA4-5648-4B04-94AE-FB2C75991C0A}.Release|Any CPU.Build.0 = Release|Any CPU
		{85C11DA4-5648-4B04-94AE-FB2C75991C0A}.Release|x86.ActiveCfg = Release|x86
		{85C11DA4-5648-4B04-94AE-FB2C75991C0A}.Release|x86.Build.0 = Release|x86
		{73AA4C07-AABC-4C52-B7D7-1B0A9B0B256A}.Debug|Any CPU.ActiveCfg = Debug|x86
		{73AA4C07-AABC-4C52-B7D7-1B0A9B0B256A}.Debug|Any CPU.Build.0 = Debug|x86
		{73AA4C07-AABC-4C52-B7D7-1B0A9B0B256A}.Debug|x86.ActiveCfg = Debug|x86
		{73AA4C07-AABC-4C52-B7D7-1B0A9B0B256A}.Debug|x86.Build.0 = Debug|x86
		{73AA4C07-AABC-4C52-B7D7-1B0A9B0B256A}.Release|Any CPU.ActiveCfg = Release|x86
		{73AA4C07-AABC-4C52-B7D7-1B0A9B0B256A}.Release|x86.ActiveCfg = Release|x86
		{73AA4C07-AABC-4C52-B7D7-1B0A9B0B256A}.Release|x86.Build.0 = Release|x86
		{2E9E7D02-2F83-4383-B048-F81914A7B9BF}.Debug|Any CPU.ActiveCfg = Debug|x86
		{2E9E7D02-2F83-4383-B048-F81914A7B9BF}.Debug|Any CPU.Build.0 = Debug|x86
		{2E9E7D02-2F83-4383-B048-F81914A7B9BF}.Debug|x86.ActiveCfg = Debug|x86
		{2E9E7D02-2F83-4383-B048-F81914A7B9BF}.Debug|x86.Build.0 = Debug|x86
		{2E9E7D02-2F83-4383-B048-F81914A7B9BF}.Release|Any CPU.ActiveCfg = Release|Any CPU
		{2E9E7D02-2F83-4383-B048-F81914A7B9BF}.Release|Any CPU.Build.0 = Release|Any CPU
		{2E9E7D02-2F83-4383-B048-F81914A7B9BF}.Release|x86.ActiveCfg = Release|Any CPU
		{2E9E7D02-2F83-4383-B048-F81914A7B9BF}.Release|x86.Build.0 = Release|Any CPU
		{0AB4E9BD-B9F1-4357-9F16-0D22E4022FD8}.Debug|Any CPU.ActiveCfg = Debug|x86
		{0AB4E9BD-B9F1-4357-9F16-0D22E4022FD8}.Debug|Any CPU.Build.0 = Debug|x86
		{0AB4E9BD-B9F1-4357-9F16-0D22E4022FD8}.Debug|x86.ActiveCfg = Debug|x86
		{0AB4E9BD-B9F1-4357-9F16-0D22E4022FD8}.Debug|x86.Build.0 = Debug|x86
		{0AB4E9BD-B9F1-4357-9F16-0D22E4022FD8}.Release|Any CPU.ActiveCfg = Release|Any CPU
		{0AB4E9BD-B9F1-4357-9F16-0D22E4022FD8}.Release|Any CPU.Build.0 = Release|Any CPU
		{0AB4E9BD-B9F1-4357-9F16-0D22E4022FD8}.Release|x86.ActiveCfg = Release|x86
		{0AB4E9BD-B9F1-4357-9F16-0D22E4022FD8}.Release|x86.Build.0 = Release|x86
		{7BC02F85-9D27-426C-A4FF-927B94F41FCC}.Debug|Any CPU.ActiveCfg = Debug|x86
		{7BC02F85-9D27-426C-A4FF-927B94F41FCC}.Debug|Any CPU.Build.0 = Debug|x86
		{7BC02F85-9D27-426C-A4FF-927B94F41FCC}.Debug|x86.ActiveCfg = Debug|x86
		{7BC02F85-9D27-426C-A4FF-927B94F41FCC}.Debug|x86.Build.0 = Debug|x86
		{7BC02F85-9D27-426C-A4FF-927B94F41FCC}.Release|Any CPU.ActiveCfg = Release|Any CPU
		{7BC02F85-9D27-426C-A4FF-927B94F41FCC}.Release|Any CPU.Build.0 = Release|Any CPU
		{7BC02F85-9D27-426C-A4FF-927B94F41FCC}.Release|x86.ActiveCfg = Release|Any CPU
		{7BC02F85-9D27-426C-A4FF-927B94F41FCC}.Release|x86.Build.0 = Release|Any CPU
		{0C06EFD4-A9CC-4C4E-829C-C2D6D4C0F81C}.Debug|Any CPU.ActiveCfg = Debug|x86
		{0C06EFD4-A9CC-4C4E-829C-C2D6D4C0F81C}.Debug|Any CPU.Build.0 = Debug|x86
		{0C06EFD4-A9CC-4C4E-829C-C2D6D4C0F81C}.Debug|x86.ActiveCfg = Debug|x86
		{0C06EFD4-A9CC-4C4E-829C-C2D6D4C0F81C}.Debug|x86.Build.0 = Debug|x86
		{0C06EFD4-A9CC-4C4E-829C-C2D6D4C0F81C}.Release|Any CPU.ActiveCfg = Release|Any CPU
		{0C06EFD4-A9CC-4C4E-829C-C2D6D4C0F81C}.Release|Any CPU.Build.0 = Release|Any CPU
		{0C06EFD4-A9CC-4C4E-829C-C2D6D4C0F81C}.Release|x86.ActiveCfg = Release|x86
		{0C06EFD4-A9CC-4C4E-829C-C2D6D4C0F81C}.Release|x86.Build.0 = Release|x86
		{358CCCBB-F185-4F6F-AC8B-38F26E1CF022}.Debug|Any CPU.ActiveCfg = Debug|x86
		{358CCCBB-F185-4F6F-AC8B-38F26E1CF022}.Debug|Any CPU.Build.0 = Debug|x86
		{358CCCBB-F185-4F6F-AC8B-38F26E1CF022}.Debug|x86.ActiveCfg = Debug|x86
		{358CCCBB-F185-4F6F-AC8B-38F26E1CF022}.Debug|x86.Build.0 = Debug|x86
		{358CCCBB-F185-4F6F-AC8B-38F26E1CF022}.Release|Any CPU.ActiveCfg = Release|Any CPU
		{358CCCBB-F185-4F6F-AC8B-38F26E1CF022}.Release|Any CPU.Build.0 = Release|Any CPU
		{358CCCBB-F185-4F6F-AC8B-38F26E1CF022}.Release|x86.ActiveCfg = Release|Any CPU
		{358CCCBB-F185-4F6F-AC8B-38F26E1CF022}.Release|x86.Build.0 = Release|Any CPU
		{706278D1-2158-4000-A1A5-F401B0C59890}.Debug|Any CPU.ActiveCfg = Debug|x86
		{706278D1-2158-4000-A1A5-F401B0C59890}.Debug|Any CPU.Build.0 = Debug|x86
		{706278D1-2158-4000-A1A5-F401B0C59890}.Debug|x86.ActiveCfg = Debug|x86
		{706278D1-2158-4000-A1A5-F401B0C59890}.Debug|x86.Build.0 = Debug|x86
		{706278D1-2158-4000-A1A5-F401B0C59890}.Release|Any CPU.ActiveCfg = Release|Any CPU
		{706278D1-2158-4000-A1A5-F401B0C59890}.Release|Any CPU.Build.0 = Release|Any CPU
		{706278D1-2158-4000-A1A5-F401B0C59890}.Release|x86.ActiveCfg = Release|x86
		{706278D1-2158-4000-A1A5-F401B0C59890}.Release|x86.Build.0 = Release|x86
		{29BAAC40-D635-4619-BB24-AD8D6FAB2D82}.Debug|Any CPU.ActiveCfg = Debug|x86
		{29BAAC40-D635-4619-BB24-AD8D6FAB2D82}.Debug|Any CPU.Build.0 = Debug|x86
		{29BAAC40-D635-4619-BB24-AD8D6FAB2D82}.Debug|x86.ActiveCfg = Debug|x86
		{29BAAC40-D635-4619-BB24-AD8D6FAB2D82}.Debug|x86.Build.0 = Debug|x86
		{29BAAC40-D635-4619-BB24-AD8D6FAB2D82}.Release|Any CPU.ActiveCfg = Release|Any CPU
		{29BAAC40-D635-4619-BB24-AD8D6FAB2D82}.Release|Any CPU.Build.0 = Release|Any CPU
		{29BAAC40-D635-4619-BB24-AD8D6FAB2D82}.Release|x86.ActiveCfg = Release|x86
		{29BAAC40-D635-4619-BB24-AD8D6FAB2D82}.Release|x86.Build.0 = Release|x86
		{60245A02-8C1E-4BB9-B365-D65423793126}.Debug|Any CPU.ActiveCfg = Debug|x86
		{60245A02-8C1E-4BB9-B365-D65423793126}.Debug|Any CPU.Build.0 = Debug|x86
		{60245A02-8C1E-4BB9-B365-D65423793126}.Debug|x86.ActiveCfg = Debug|x86
		{60245A02-8C1E-4BB9-B365-D65423793126}.Debug|x86.Build.0 = Debug|x86
		{60245A02-8C1E-4BB9-B365-D65423793126}.Release|Any CPU.ActiveCfg = Release|Any CPU
		{60245A02-8C1E-4BB9-B365-D65423793126}.Release|Any CPU.Build.0 = Release|Any CPU
		{60245A02-8C1E-4BB9-B365-D65423793126}.Release|x86.ActiveCfg = Release|Any CPU
		{60245A02-8C1E-4BB9-B365-D65423793126}.Release|x86.Build.0 = Release|Any CPU
		{37699660-52D6-408D-B84C-2C264A446B75}.Debug|Any CPU.ActiveCfg = Debug|x86
		{37699660-52D6-408D-B84C-2C264A446B75}.Debug|Any CPU.Build.0 = Debug|x86
		{37699660-52D6-408D-B84C-2C264A446B75}.Debug|x86.ActiveCfg = Debug|x86
		{37699660-52D6-408D-B84C-2C264A446B75}.Debug|x86.Build.0 = Debug|x86
		{37699660-52D6-408D-B84C-2C264A446B75}.Release|Any CPU.ActiveCfg = Release|Any CPU
		{37699660-52D6-408D-B84C-2C264A446B75}.Release|Any CPU.Build.0 = Release|Any CPU
		{37699660-52D6-408D-B84C-2C264A446B75}.Release|x86.ActiveCfg = Release|x86
		{37699660-52D6-408D-B84C-2C264A446B75}.Release|x86.Build.0 = Release|x86
		{E7D5EE89-FBF8-4BA2-8DBF-55D4CBAA2201}.Debug|Any CPU.ActiveCfg = Debug|x86
		{E7D5EE89-FBF8-4BA2-8DBF-55D4CBAA2201}.Debug|Any CPU.Build.0 = Debug|x86
		{E7D5EE89-FBF8-4BA2-8DBF-55D4CBAA2201}.Debug|x86.ActiveCfg = Debug|x86
		{E7D5EE89-FBF8-4BA2-8DBF-55D4CBAA2201}.Debug|x86.Build.0 = Debug|x86
		{E7D5EE89-FBF8-4BA2-8DBF-55D4CBAA2201}.Release|Any CPU.ActiveCfg = Release|Any CPU
		{E7D5EE89-FBF8-4BA2-8DBF-55D4CBAA2201}.Release|Any CPU.Build.0 = Release|Any CPU
		{E7D5EE89-FBF8-4BA2-8DBF-55D4CBAA2201}.Release|x86.ActiveCfg = Release|Any CPU
		{E7D5EE89-FBF8-4BA2-8DBF-55D4CBAA2201}.Release|x86.Build.0 = Release|Any CPU
		{16529ABC-A879-4E9A-B3D1-69ACF14B8300}.Debug|Any CPU.ActiveCfg = Debug|x86
		{16529ABC-A879-4E9A-B3D1-69ACF14B8300}.Debug|Any CPU.Build.0 = Debug|x86
		{16529ABC-A879-4E9A-B3D1-69ACF14B8300}.Debug|x86.ActiveCfg = Debug|x86
		{16529ABC-A879-4E9A-B3D1-69ACF14B8300}.Debug|x86.Build.0 = Debug|x86
		{16529ABC-A879-4E9A-B3D1-69ACF14B8300}.Release|Any CPU.ActiveCfg = Release|Any CPU
		{16529ABC-A879-4E9A-B3D1-69ACF14B8300}.Release|Any CPU.Build.0 = Release|Any CPU
		{16529ABC-A879-4E9A-B3D1-69ACF14B8300}.Release|x86.ActiveCfg = Release|Any CPU
		{16529ABC-A879-4E9A-B3D1-69ACF14B8300}.Release|x86.Build.0 = Release|Any CPU
		{BF22C54B-4AC3-4050-8C5D-81A95B3C5955}.Debug|Any CPU.ActiveCfg = Debug|x86
		{BF22C54B-4AC3-4050-8C5D-81A95B3C5955}.Debug|Any CPU.Build.0 = Debug|x86
		{BF22C54B-4AC3-4050-8C5D-81A95B3C5955}.Debug|x86.ActiveCfg = Debug|x86
		{BF22C54B-4AC3-4050-8C5D-81A95B3C5955}.Debug|x86.Build.0 = Debug|x86
		{BF22C54B-4AC3-4050-8C5D-81A95B3C5955}.Release|Any CPU.ActiveCfg = Release|Any CPU
		{BF22C54B-4AC3-4050-8C5D-81A95B3C5955}.Release|Any CPU.Build.0 = Release|Any CPU
		{BF22C54B-4AC3-4050-8C5D-81A95B3C5955}.Release|x86.ActiveCfg = Release|Any CPU
		{BF22C54B-4AC3-4050-8C5D-81A95B3C5955}.Release|x86.Build.0 = Release|Any CPU
		{F3AEFD9B-4EA5-4CE8-A4D0-291C46F7CF48}.Debug|Any CPU.ActiveCfg = Debug|x86
		{F3AEFD9B-4EA5-4CE8-A4D0-291C46F7CF48}.Debug|x86.ActiveCfg = Debug|x86
		{F3AEFD9B-4EA5-4CE8-A4D0-291C46F7CF48}.Debug|x86.Build.0 = Debug|x86
		{F3AEFD9B-4EA5-4CE8-A4D0-291C46F7CF48}.Release|Any CPU.ActiveCfg = Release|x86
		{F3AEFD9B-4EA5-4CE8-A4D0-291C46F7CF48}.Release|x86.ActiveCfg = Release|x86
		{F3AEFD9B-4EA5-4CE8-A4D0-291C46F7CF48}.Release|x86.Build.0 = Release|x86
		{FF63A143-0DFC-4EAF-BD62-83B3099C2700}.Debug|Any CPU.ActiveCfg = Debug|x86
		{FF63A143-0DFC-4EAF-BD62-83B3099C2700}.Debug|Any CPU.Build.0 = Debug|x86
		{FF63A143-0DFC-4EAF-BD62-83B3099C2700}.Debug|x86.ActiveCfg = Debug|x86
		{FF63A143-0DFC-4EAF-BD62-83B3099C2700}.Debug|x86.Build.0 = Debug|x86
		{FF63A143-0DFC-4EAF-BD62-83B3099C2700}.Release|Any CPU.ActiveCfg = Release|Any CPU
		{FF63A143-0DFC-4EAF-BD62-83B3099C2700}.Release|Any CPU.Build.0 = Release|Any CPU
		{FF63A143-0DFC-4EAF-BD62-83B3099C2700}.Release|x86.ActiveCfg = Release|x86
		{FF63A143-0DFC-4EAF-BD62-83B3099C2700}.Release|x86.Build.0 = Release|x86
		{6F0D1302-38EE-41D2-98A2-6D6F629C1A66}.Debug|Any CPU.ActiveCfg = Debug|x86
		{6F0D1302-38EE-41D2-98A2-6D6F629C1A66}.Debug|Any CPU.Build.0 = Debug|x86
		{6F0D1302-38EE-41D2-98A2-6D6F629C1A66}.Debug|x86.ActiveCfg = Debug|x86
		{6F0D1302-38EE-41D2-98A2-6D6F629C1A66}.Debug|x86.Build.0 = Debug|x86
		{6F0D1302-38EE-41D2-98A2-6D6F629C1A66}.Release|Any CPU.ActiveCfg = Release|Any CPU
		{6F0D1302-38EE-41D2-98A2-6D6F629C1A66}.Release|Any CPU.Build.0 = Release|Any CPU
		{6F0D1302-38EE-41D2-98A2-6D6F629C1A66}.Release|x86.ActiveCfg = Release|x86
		{6F0D1302-38EE-41D2-98A2-6D6F629C1A66}.Release|x86.Build.0 = Release|x86
		{A9F4B8C5-CD87-4517-ABC5-004F1229BF71}.Debug|Any CPU.ActiveCfg = Debug|x86
		{A9F4B8C5-CD87-4517-ABC5-004F1229BF71}.Debug|Any CPU.Build.0 = Debug|x86
		{A9F4B8C5-CD87-4517-ABC5-004F1229BF71}.Debug|x86.ActiveCfg = Debug|x86
		{A9F4B8C5-CD87-4517-ABC5-004F1229BF71}.Debug|x86.Build.0 = Debug|x86
		{A9F4B8C5-CD87-4517-ABC5-004F1229BF71}.Release|Any CPU.ActiveCfg = Release|Any CPU
		{A9F4B8C5-CD87-4517-ABC5-004F1229BF71}.Release|Any CPU.Build.0 = Release|Any CPU
		{A9F4B8C5-CD87-4517-ABC5-004F1229BF71}.Release|x86.ActiveCfg = Release|x86
		{A9F4B8C5-CD87-4517-ABC5-004F1229BF71}.Release|x86.Build.0 = Release|x86
		{089F2363-649B-4655-B1FA-A7EBD982D73A}.Debug|Any CPU.ActiveCfg = Debug|x86
		{089F2363-649B-4655-B1FA-A7EBD982D73A}.Debug|Any CPU.Build.0 = Debug|x86
		{089F2363-649B-4655-B1FA-A7EBD982D73A}.Debug|x86.ActiveCfg = Debug|x86
		{089F2363-649B-4655-B1FA-A7EBD982D73A}.Debug|x86.Build.0 = Debug|x86
		{089F2363-649B-4655-B1FA-A7EBD982D73A}.Release|Any CPU.ActiveCfg = Release|Any CPU
		{089F2363-649B-4655-B1FA-A7EBD982D73A}.Release|Any CPU.Build.0 = Release|Any CPU
		{089F2363-649B-4655-B1FA-A7EBD982D73A}.Release|x86.ActiveCfg = Release|Any CPU
		{089F2363-649B-4655-B1FA-A7EBD982D73A}.Release|x86.Build.0 = Release|Any CPU
		{7F01AEAA-D039-4626-9887-E89ACCE4C42B}.Debug|Any CPU.ActiveCfg = Debug|x86
		{7F01AEAA-D039-4626-9887-E89ACCE4C42B}.Debug|Any CPU.Build.0 = Debug|x86
		{7F01AEAA-D039-4626-9887-E89ACCE4C42B}.Debug|x86.ActiveCfg = Debug|x86
		{7F01AEAA-D039-4626-9887-E89ACCE4C42B}.Debug|x86.Build.0 = Debug|x86
		{7F01AEAA-D039-4626-9887-E89ACCE4C42B}.Release|Any CPU.ActiveCfg = Release|Any CPU
		{7F01AEAA-D039-4626-9887-E89ACCE4C42B}.Release|Any CPU.Build.0 = Release|Any CPU
		{7F01AEAA-D039-4626-9887-E89ACCE4C42B}.Release|x86.ActiveCfg = Release|Any CPU
		{7F01AEAA-D039-4626-9887-E89ACCE4C42B}.Release|x86.Build.0 = Release|Any CPU
		{E1826C5B-D05C-400D-8223-D401D8A04061}.Debug|Any CPU.ActiveCfg = Debug|x86
		{E1826C5B-D05C-400D-8223-D401D8A04061}.Debug|Any CPU.Build.0 = Debug|x86
		{E1826C5B-D05C-400D-8223-D401D8A04061}.Debug|x86.ActiveCfg = Debug|x86
		{E1826C5B-D05C-400D-8223-D401D8A04061}.Debug|x86.Build.0 = Debug|x86
		{E1826C5B-D05C-400D-8223-D401D8A04061}.Release|Any CPU.ActiveCfg = Release|Any CPU
		{E1826C5B-D05C-400D-8223-D401D8A04061}.Release|Any CPU.Build.0 = Release|Any CPU
		{E1826C5B-D05C-400D-8223-D401D8A04061}.Release|x86.ActiveCfg = Release|Any CPU
		{E1826C5B-D05C-400D-8223-D401D8A04061}.Release|x86.Build.0 = Release|Any CPU
		{1FD23275-3987-45FF-9538-FB2DE7F61E23}.Debug|Any CPU.ActiveCfg = Debug|x86
		{1FD23275-3987-45FF-9538-FB2DE7F61E23}.Debug|Any CPU.Build.0 = Debug|x86
		{1FD23275-3987-45FF-9538-FB2DE7F61E23}.Debug|x86.ActiveCfg = Debug|x86
		{1FD23275-3987-45FF-9538-FB2DE7F61E23}.Debug|x86.Build.0 = Debug|x86
		{1FD23275-3987-45FF-9538-FB2DE7F61E23}.Release|Any CPU.ActiveCfg = Release|Any CPU
		{1FD23275-3987-45FF-9538-FB2DE7F61E23}.Release|Any CPU.Build.0 = Release|Any CPU
		{1FD23275-3987-45FF-9538-FB2DE7F61E23}.Release|x86.ActiveCfg = Release|Any CPU
		{1FD23275-3987-45FF-9538-FB2DE7F61E23}.Release|x86.Build.0 = Release|Any CPU
		{5384CE57-1F94-4D22-860D-2E9C1AC12DDF}.Debug|Any CPU.ActiveCfg = Debug|x86
		{5384CE57-1F94-4D22-860D-2E9C1AC12DDF}.Debug|Any CPU.Build.0 = Debug|x86
		{5384CE57-1F94-4D22-860D-2E9C1AC12DDF}.Debug|x86.ActiveCfg = Debug|x86
		{5384CE57-1F94-4D22-860D-2E9C1AC12DDF}.Debug|x86.Build.0 = Debug|x86
		{5384CE57-1F94-4D22-860D-2E9C1AC12DDF}.Release|Any CPU.ActiveCfg = Release|Any CPU
		{5384CE57-1F94-4D22-860D-2E9C1AC12DDF}.Release|Any CPU.Build.0 = Release|Any CPU
		{5384CE57-1F94-4D22-860D-2E9C1AC12DDF}.Release|x86.ActiveCfg = Release|Any CPU
		{5384CE57-1F94-4D22-860D-2E9C1AC12DDF}.Release|x86.Build.0 = Release|Any CPU
		{6E960452-EFFB-4672-97C0-80A7520BCFE0}.Debug|Any CPU.ActiveCfg = Debug|x86
		{6E960452-EFFB-4672-97C0-80A7520BCFE0}.Debug|Any CPU.Build.0 = Debug|x86
		{6E960452-EFFB-4672-97C0-80A7520BCFE0}.Debug|x86.ActiveCfg = Debug|x86
		{6E960452-EFFB-4672-97C0-80A7520BCFE0}.Debug|x86.Build.0 = Debug|x86
		{6E960452-EFFB-4672-97C0-80A7520BCFE0}.Release|Any CPU.ActiveCfg = Release|Any CPU
		{6E960452-EFFB-4672-97C0-80A7520BCFE0}.Release|Any CPU.Build.0 = Release|Any CPU
		{6E960452-EFFB-4672-97C0-80A7520BCFE0}.Release|x86.ActiveCfg = Release|Any CPU
		{6E960452-EFFB-4672-97C0-80A7520BCFE0}.Release|x86.Build.0 = Release|Any CPU
		{248B9F3A-6F41-42E0-8E91-0AD097F9EFA7}.Debug|Any CPU.ActiveCfg = Debug|x86
		{248B9F3A-6F41-42E0-8E91-0AD097F9EFA7}.Debug|Any CPU.Build.0 = Debug|x86
		{248B9F3A-6F41-42E0-8E91-0AD097F9EFA7}.Debug|x86.ActiveCfg = Debug|x86
		{248B9F3A-6F41-42E0-8E91-0AD097F9EFA7}.Debug|x86.Build.0 = Debug|x86
		{248B9F3A-6F41-42E0-8E91-0AD097F9EFA7}.Release|Any CPU.ActiveCfg = Release|Any CPU
		{248B9F3A-6F41-42E0-8E91-0AD097F9EFA7}.Release|Any CPU.Build.0 = Release|Any CPU
		{248B9F3A-6F41-42E0-8E91-0AD097F9EFA7}.Release|x86.ActiveCfg = Release|Any CPU
		{248B9F3A-6F41-42E0-8E91-0AD097F9EFA7}.Release|x86.Build.0 = Release|Any CPU
		{8CEF2A70-6ED8-41B4-95C1-CFC864723FDB}.Debug|Any CPU.ActiveCfg = Debug|x86
		{8CEF2A70-6ED8-41B4-95C1-CFC864723FDB}.Debug|Any CPU.Build.0 = Debug|x86
		{8CEF2A70-6ED8-41B4-95C1-CFC864723FDB}.Debug|x86.ActiveCfg = Debug|x86
		{8CEF2A70-6ED8-41B4-95C1-CFC864723FDB}.Debug|x86.Build.0 = Debug|x86
		{8CEF2A70-6ED8-41B4-95C1-CFC864723FDB}.Release|Any CPU.ActiveCfg = Release|Any CPU
		{8CEF2A70-6ED8-41B4-95C1-CFC864723FDB}.Release|Any CPU.Build.0 = Release|Any CPU
		{8CEF2A70-6ED8-41B4-95C1-CFC864723FDB}.Release|x86.ActiveCfg = Release|Any CPU
		{8CEF2A70-6ED8-41B4-95C1-CFC864723FDB}.Release|x86.Build.0 = Release|Any CPU
		{996A3ACD-4F57-4CD4-A0FD-ADF4BE8974F1}.Debug|Any CPU.ActiveCfg = Debug|x86
		{996A3ACD-4F57-4CD4-A0FD-ADF4BE8974F1}.Debug|Any CPU.Build.0 = Debug|x86
		{996A3ACD-4F57-4CD4-A0FD-ADF4BE8974F1}.Debug|x86.ActiveCfg = Debug|x86
		{996A3ACD-4F57-4CD4-A0FD-ADF4BE8974F1}.Debug|x86.Build.0 = Debug|x86
		{996A3ACD-4F57-4CD4-A0FD-ADF4BE8974F1}.Release|Any CPU.ActiveCfg = Release|Any CPU
		{996A3ACD-4F57-4CD4-A0FD-ADF4BE8974F1}.Release|Any CPU.Build.0 = Release|Any CPU
		{996A3ACD-4F57-4CD4-A0FD-ADF4BE8974F1}.Release|x86.ActiveCfg = Release|Any CPU
		{996A3ACD-4F57-4CD4-A0FD-ADF4BE8974F1}.Release|x86.Build.0 = Release|Any CPU
		{BF10565A-06BE-4CDB-BEBC-7C467D326FF6}.Debug|Any CPU.ActiveCfg = Debug|x86
		{BF10565A-06BE-4CDB-BEBC-7C467D326FF6}.Debug|Any CPU.Build.0 = Debug|x86
		{BF10565A-06BE-4CDB-BEBC-7C467D326FF6}.Debug|x86.ActiveCfg = Debug|x86
		{BF10565A-06BE-4CDB-BEBC-7C467D326FF6}.Debug|x86.Build.0 = Debug|x86
		{BF10565A-06BE-4CDB-BEBC-7C467D326FF6}.Release|Any CPU.ActiveCfg = Release|Any CPU
		{BF10565A-06BE-4CDB-BEBC-7C467D326FF6}.Release|Any CPU.Build.0 = Release|Any CPU
		{BF10565A-06BE-4CDB-BEBC-7C467D326FF6}.Release|x86.ActiveCfg = Release|Any CPU
		{BF10565A-06BE-4CDB-BEBC-7C467D326FF6}.Release|x86.Build.0 = Release|Any CPU
		{04D535B4-9302-4247-B65C-F1D2D4C05752}.Debug|Any CPU.ActiveCfg = Debug|x86
		{04D535B4-9302-4247-B65C-F1D2D4C05752}.Debug|Any CPU.Build.0 = Debug|x86
		{04D535B4-9302-4247-B65C-F1D2D4C05752}.Debug|x86.ActiveCfg = Debug|x86
		{04D535B4-9302-4247-B65C-F1D2D4C05752}.Debug|x86.Build.0 = Debug|x86
		{04D535B4-9302-4247-B65C-F1D2D4C05752}.Release|Any CPU.ActiveCfg = Release|Any CPU
		{04D535B4-9302-4247-B65C-F1D2D4C05752}.Release|Any CPU.Build.0 = Release|Any CPU
		{04D535B4-9302-4247-B65C-F1D2D4C05752}.Release|x86.ActiveCfg = Release|Any CPU
		{04D535B4-9302-4247-B65C-F1D2D4C05752}.Release|x86.Build.0 = Release|Any CPU
		{C72AE624-A964-4852-ACDB-80AE9C501665}.Debug|Any CPU.ActiveCfg = Debug|x86
		{C72AE624-A964-4852-ACDB-80AE9C501665}.Debug|Any CPU.Build.0 = Debug|x86
		{C72AE624-A964-4852-ACDB-80AE9C501665}.Debug|x86.ActiveCfg = Debug|x86
		{C72AE624-A964-4852-ACDB-80AE9C501665}.Debug|x86.Build.0 = Debug|x86
		{C72AE624-A964-4852-ACDB-80AE9C501665}.Release|Any CPU.ActiveCfg = Release|Any CPU
		{C72AE624-A964-4852-ACDB-80AE9C501665}.Release|Any CPU.Build.0 = Release|Any CPU
		{C72AE624-A964-4852-ACDB-80AE9C501665}.Release|x86.ActiveCfg = Release|Any CPU
		{C72AE624-A964-4852-ACDB-80AE9C501665}.Release|x86.Build.0 = Release|Any CPU
		{CA747492-FFB6-44C2-ABDA-3838417F30AE}.Debug|Any CPU.ActiveCfg = Debug|x86
		{CA747492-FFB6-44C2-ABDA-3838417F30AE}.Debug|Any CPU.Build.0 = Debug|x86
		{CA747492-FFB6-44C2-ABDA-3838417F30AE}.Debug|x86.ActiveCfg = Debug|x86
		{CA747492-FFB6-44C2-ABDA-3838417F30AE}.Debug|x86.Build.0 = Debug|x86
		{CA747492-FFB6-44C2-ABDA-3838417F30AE}.Release|Any CPU.ActiveCfg = Release|Any CPU
		{CA747492-FFB6-44C2-ABDA-3838417F30AE}.Release|Any CPU.Build.0 = Release|Any CPU
		{CA747492-FFB6-44C2-ABDA-3838417F30AE}.Release|x86.ActiveCfg = Release|Any CPU
		{CA747492-FFB6-44C2-ABDA-3838417F30AE}.Release|x86.Build.0 = Release|Any CPU
		{A3273741-481E-4D18-B610-6D65BA8D331A}.Debug|Any CPU.ActiveCfg = Debug|x86
		{A3273741-481E-4D18-B610-6D65BA8D331A}.Debug|Any CPU.Build.0 = Debug|x86
		{A3273741-481E-4D18-B610-6D65BA8D331A}.Debug|x86.ActiveCfg = Debug|x86
		{A3273741-481E-4D18-B610-6D65BA8D331A}.Debug|x86.Build.0 = Debug|x86
		{A3273741-481E-4D18-B610-6D65BA8D331A}.Release|Any CPU.ActiveCfg = Release|Any CPU
		{A3273741-481E-4D18-B610-6D65BA8D331A}.Release|Any CPU.Build.0 = Release|Any CPU
		{A3273741-481E-4D18-B610-6D65BA8D331A}.Release|x86.ActiveCfg = Release|Any CPU
		{A3273741-481E-4D18-B610-6D65BA8D331A}.Release|x86.Build.0 = Release|Any CPU
		{84C4DDBE-777D-4061-9473-C416FD7B9E10}.Debug|Any CPU.ActiveCfg = Debug|x86
		{84C4DDBE-777D-4061-9473-C416FD7B9E10}.Debug|Any CPU.Build.0 = Debug|x86
		{84C4DDBE-777D-4061-9473-C416FD7B9E10}.Debug|x86.ActiveCfg = Debug|x86
		{84C4DDBE-777D-4061-9473-C416FD7B9E10}.Debug|x86.Build.0 = Debug|x86
		{84C4DDBE-777D-4061-9473-C416FD7B9E10}.Release|Any CPU.ActiveCfg = Release|Any CPU
		{84C4DDBE-777D-4061-9473-C416FD7B9E10}.Release|Any CPU.Build.0 = Release|Any CPU
		{84C4DDBE-777D-4061-9473-C416FD7B9E10}.Release|x86.ActiveCfg = Release|Any CPU
		{84C4DDBE-777D-4061-9473-C416FD7B9E10}.Release|x86.Build.0 = Release|Any CPU
		{BC8AC259-2673-4C2A-BFF2-8D4B3A55C659}.Debug|Any CPU.ActiveCfg = Debug|x86
		{BC8AC259-2673-4C2A-BFF2-8D4B3A55C659}.Debug|Any CPU.Build.0 = Debug|x86
		{BC8AC259-2673-4C2A-BFF2-8D4B3A55C659}.Debug|x86.ActiveCfg = Debug|Any CPU
		{BC8AC259-2673-4C2A-BFF2-8D4B3A55C659}.Debug|x86.Build.0 = Debug|Any CPU
		{BC8AC259-2673-4C2A-BFF2-8D4B3A55C659}.Release|Any CPU.ActiveCfg = Release|Any CPU
		{BC8AC259-2673-4C2A-BFF2-8D4B3A55C659}.Release|Any CPU.Build.0 = Release|Any CPU
		{BC8AC259-2673-4C2A-BFF2-8D4B3A55C659}.Release|x86.ActiveCfg = Release|Any CPU
		{BC8AC259-2673-4C2A-BFF2-8D4B3A55C659}.Release|x86.Build.0 = Release|Any CPU
		{8180A67B-562E-4030-A657-332D85F69EB4}.Debug|Any CPU.ActiveCfg = Debug|x86
		{8180A67B-562E-4030-A657-332D85F69EB4}.Debug|Any CPU.Build.0 = Debug|x86
		{8180A67B-562E-4030-A657-332D85F69EB4}.Debug|x86.ActiveCfg = Debug|Any CPU
		{8180A67B-562E-4030-A657-332D85F69EB4}.Debug|x86.Build.0 = Debug|Any CPU
		{8180A67B-562E-4030-A657-332D85F69EB4}.Release|Any CPU.ActiveCfg = Release|Any CPU
		{8180A67B-562E-4030-A657-332D85F69EB4}.Release|Any CPU.Build.0 = Release|Any CPU
		{8180A67B-562E-4030-A657-332D85F69EB4}.Release|x86.ActiveCfg = Release|Any CPU
		{8180A67B-562E-4030-A657-332D85F69EB4}.Release|x86.Build.0 = Release|Any CPU
		{4D211C6B-0CB7-4718-8567-78BEBA69C114}.Debug|Any CPU.ActiveCfg = Debug|Any CPU
		{4D211C6B-0CB7-4718-8567-78BEBA69C114}.Debug|Any CPU.Build.0 = Debug|Any CPU
		{4D211C6B-0CB7-4718-8567-78BEBA69C114}.Debug|x86.ActiveCfg = Debug|Any CPU
		{4D211C6B-0CB7-4718-8567-78BEBA69C114}.Debug|x86.Build.0 = Debug|Any CPU
		{4D211C6B-0CB7-4718-8567-78BEBA69C114}.Release|Any CPU.ActiveCfg = Release|Any CPU
		{4D211C6B-0CB7-4718-8567-78BEBA69C114}.Release|Any CPU.Build.0 = Release|Any CPU
		{4D211C6B-0CB7-4718-8567-78BEBA69C114}.Release|x86.ActiveCfg = Release|Any CPU
		{4D211C6B-0CB7-4718-8567-78BEBA69C114}.Release|x86.Build.0 = Release|Any CPU
		{8FCBD6B7-83BC-4E18-9066-6423916DD171}.Debug|Any CPU.ActiveCfg = Debug|Any CPU
		{8FCBD6B7-83BC-4E18-9066-6423916DD171}.Debug|Any CPU.Build.0 = Debug|Any CPU
		{8FCBD6B7-83BC-4E18-9066-6423916DD171}.Debug|x86.ActiveCfg = Debug|Any CPU
		{8FCBD6B7-83BC-4E18-9066-6423916DD171}.Debug|x86.Build.0 = Debug|Any CPU
		{8FCBD6B7-83BC-4E18-9066-6423916DD171}.Release|Any CPU.ActiveCfg = Release|Any CPU
		{8FCBD6B7-83BC-4E18-9066-6423916DD171}.Release|Any CPU.Build.0 = Release|Any CPU
		{8FCBD6B7-83BC-4E18-9066-6423916DD171}.Release|x86.ActiveCfg = Release|Any CPU
		{8FCBD6B7-83BC-4E18-9066-6423916DD171}.Release|x86.Build.0 = Release|Any CPU
		{F64E2327-F24E-4EFE-8D98-2FED2E16AD24}.Debug|Any CPU.ActiveCfg = Debug|Any CPU
		{F64E2327-F24E-4EFE-8D98-2FED2E16AD24}.Debug|Any CPU.Build.0 = Debug|Any CPU
		{F64E2327-F24E-4EFE-8D98-2FED2E16AD24}.Debug|x86.ActiveCfg = Debug|Any CPU
		{F64E2327-F24E-4EFE-8D98-2FED2E16AD24}.Debug|x86.Build.0 = Debug|Any CPU
		{F64E2327-F24E-4EFE-8D98-2FED2E16AD24}.Release|Any CPU.ActiveCfg = Release|Any CPU
		{F64E2327-F24E-4EFE-8D98-2FED2E16AD24}.Release|Any CPU.Build.0 = Release|Any CPU
		{F64E2327-F24E-4EFE-8D98-2FED2E16AD24}.Release|x86.ActiveCfg = Release|Any CPU
		{F64E2327-F24E-4EFE-8D98-2FED2E16AD24}.Release|x86.Build.0 = Release|Any CPU
	EndGlobalSection
	GlobalSection(SolutionProperties) = preSolution
		HideSolutionNode = FALSE
	EndGlobalSection
	GlobalSection(NestedProjects) = preSolution
		{5E55CF8E-F06F-4112-8F49-80D3F68BB75C} = {7A035882-3651-40E8-A3DD-661BDE3F1DC1}
		{DE365EE5-91AF-4A6B-BBB7-2B95DF29BE93} = {AF2445B2-FF37-4925-9716-692F2893FCBC}
		{F0775858-09E3-4E7A-BA54-AEFEAD417A13} = {AF2445B2-FF37-4925-9716-692F2893FCBC}
		{5F014003-50D8-49E0-8AFE-91D38DCCC97C} = {AF2445B2-FF37-4925-9716-692F2893FCBC}
		{B00AE765-8212-43FD-8E70-768A6C20EE93} = {AF2445B2-FF37-4925-9716-692F2893FCBC}
		{2B8BE631-35AD-48DC-9D77-35B785A9F7DF} = {7A035882-3651-40E8-A3DD-661BDE3F1DC1}
		{7AA146B8-A728-4C9C-869F-07B0C196A7EE} = {57AC59F7-311F-4E4A-A287-848487EE1528}
		{B07C2464-34A3-4BCA-8826-8F42BB9AD022} = {54A2266E-4698-4C6B-A52C-F068D320955B}
		{47EA8CA3-3FBF-4E90-A811-AB61F48EC9D6} = {54A2266E-4698-4C6B-A52C-F068D320955B}
		{4C2C0F42-FE26-4CA5-99B5-543AB784551C} = {7A035882-3651-40E8-A3DD-661BDE3F1DC1}
		{1DD6CD38-CFC5-4E87-9544-F6A8F351216F} = {7A035882-3651-40E8-A3DD-661BDE3F1DC1}
		{42659F86-5FC4-4CC9-A0F5-002320A0D4E4} = {57AC59F7-311F-4E4A-A287-848487EE1528}
		{488C5EA3-F91A-4ADA-90C3-8E06ECC097C6} = {7A035882-3651-40E8-A3DD-661BDE3F1DC1}
		{FDEDF595-129C-4139-B719-CAE5DA9B75C1} = {57AC59F7-311F-4E4A-A287-848487EE1528}
		{10E6C79A-BEA7-4F15-A15B-697194907AD1} = {3B5E147D-357E-4F9E-8DBE-55D52CECA2CB}
		{9F581075-7B1F-4C2F-AD0F-B798280430C0} = {57AC59F7-311F-4E4A-A287-848487EE1528}
		{28DF96FE-38E5-44FE-83A9-F6FB1C166131} = {7A035882-3651-40E8-A3DD-661BDE3F1DC1}
		{3126F214-609A-47F6-AB7B-88B520F6CDBB} = {57AC59F7-311F-4E4A-A287-848487EE1528}
		{3F71EFCB-5E11-4509-8EDF-EFE9484A6CCF} = {15386D22-5263-49EF-963F-664A6304FF8A}
		{44F278E2-5FEE-4851-8DCD-145360B9885C} = {207DC1D1-699D-40F1-A11A-1622C116AE92}
		{DAE36B47-AE67-4854-AAF2-173348B9702F} = {207DC1D1-699D-40F1-A11A-1622C116AE92}
		{CE363FF2-8ABF-438A-8D75-9F9C8C5F3C1F} = {57AC59F7-311F-4E4A-A287-848487EE1528}
		{AFBF6BAA-902C-4D50-8A4D-2070FB72A956} = {57AC59F7-311F-4E4A-A287-848487EE1528}
		{0EFA6365-CBC3-4986-BE14-EF37A694520B} = {57AC59F7-311F-4E4A-A287-848487EE1528}
		{D03F726A-A232-41AB-AED7-6C997C84AC85} = {54A2266E-4698-4C6B-A52C-F068D320955B}
		{72DC59D6-C11D-430C-950B-B5266FB463E8} = {7A035882-3651-40E8-A3DD-661BDE3F1DC1}
		{A79D2994-F2B4-4D54-9493-4CA1C036641B} = {7A035882-3651-40E8-A3DD-661BDE3F1DC1}
		{B9445ECD-2E5D-480A-A6BD-8A634DC2EE38} = {7A035882-3651-40E8-A3DD-661BDE3F1DC1}
		{4A49FD0B-4FB5-4640-A1A0-AC6C97D01377} = {54A2266E-4698-4C6B-A52C-F068D320955B}
		{5208DB5E-2327-414A-9170-86AA6B6C0E71} = {54A2266E-4698-4C6B-A52C-F068D320955B}
		{8F7C5F5C-AA9E-443D-8B52-DF3932153B31} = {7A035882-3651-40E8-A3DD-661BDE3F1DC1}
		{CD0B05F2-4085-468A-9ED8-FAC39C16AD89} = {7A035882-3651-40E8-A3DD-661BDE3F1DC1}
		{B9E32AF4-28F3-4097-AE65-234D11983359} = {F4D01CEA-D8AC-47E2-A763-87A761D7D873}
		{D81C3BD6-3AD4-47E0-93C7-B37EEC82B62A} = {F4D01CEA-D8AC-47E2-A763-87A761D7D873}
		{74253644-DE8A-43E8-A9C1-3C50FFC570A2} = {F4D01CEA-D8AC-47E2-A763-87A761D7D873}
		{41B81586-3B62-4C5F-89C8-74A21A53FA96} = {7A035882-3651-40E8-A3DD-661BDE3F1DC1}
		{FE37DB34-D7D6-441C-AF95-41A8CBE06FDB} = {15386D22-5263-49EF-963F-664A6304FF8A}
		{5645B824-BFF4-4C0A-9533-0B75527E90C6} = {7A035882-3651-40E8-A3DD-661BDE3F1DC1}
		{85C11DA4-5648-4B04-94AE-FB2C75991C0A} = {7A035882-3651-40E8-A3DD-661BDE3F1DC1}
		{73AA4C07-AABC-4C52-B7D7-1B0A9B0B256A} = {15386D22-5263-49EF-963F-664A6304FF8A}
		{2E9E7D02-2F83-4383-B048-F81914A7B9BF} = {7A035882-3651-40E8-A3DD-661BDE3F1DC1}
		{0AB4E9BD-B9F1-4357-9F16-0D22E4022FD8} = {7A035882-3651-40E8-A3DD-661BDE3F1DC1}
		{7BC02F85-9D27-426C-A4FF-927B94F41FCC} = {7A035882-3651-40E8-A3DD-661BDE3F1DC1}
		{0C06EFD4-A9CC-4C4E-829C-C2D6D4C0F81C} = {7A035882-3651-40E8-A3DD-661BDE3F1DC1}
		{358CCCBB-F185-4F6F-AC8B-38F26E1CF022} = {7A035882-3651-40E8-A3DD-661BDE3F1DC1}
		{706278D1-2158-4000-A1A5-F401B0C59890} = {207DC1D1-699D-40F1-A11A-1622C116AE92}
		{29BAAC40-D635-4619-BB24-AD8D6FAB2D82} = {7A035882-3651-40E8-A3DD-661BDE3F1DC1}
		{60245A02-8C1E-4BB9-B365-D65423793126} = {207DC1D1-699D-40F1-A11A-1622C116AE92}
		{37699660-52D6-408D-B84C-2C264A446B75} = {AFEF6B0B-FB57-4F61-AF8A-C22D87C11B83}
		{E7D5EE89-FBF8-4BA2-8DBF-55D4CBAA2201} = {AFEF6B0B-FB57-4F61-AF8A-C22D87C11B83}
		{16529ABC-A879-4E9A-B3D1-69ACF14B8300} = {7A035882-3651-40E8-A3DD-661BDE3F1DC1}
		{BF22C54B-4AC3-4050-8C5D-81A95B3C5955} = {7A035882-3651-40E8-A3DD-661BDE3F1DC1}
		{F3AEFD9B-4EA5-4CE8-A4D0-291C46F7CF48} = {57AC59F7-311F-4E4A-A287-848487EE1528}
		{FF63A143-0DFC-4EAF-BD62-83B3099C2700} = {7A035882-3651-40E8-A3DD-661BDE3F1DC1}
		{6F0D1302-38EE-41D2-98A2-6D6F629C1A66} = {15386D22-5263-49EF-963F-664A6304FF8A}
		{A9F4B8C5-CD87-4517-ABC5-004F1229BF71} = {3B5E147D-357E-4F9E-8DBE-55D52CECA2CB}
		{089F2363-649B-4655-B1FA-A7EBD982D73A} = {AF2445B2-FF37-4925-9716-692F2893FCBC}
		{7F01AEAA-D039-4626-9887-E89ACCE4C42B} = {AF2445B2-FF37-4925-9716-692F2893FCBC}
		{E1826C5B-D05C-400D-8223-D401D8A04061} = {AF2445B2-FF37-4925-9716-692F2893FCBC}
		{1FD23275-3987-45FF-9538-FB2DE7F61E23} = {3B5E147D-357E-4F9E-8DBE-55D52CECA2CB}
		{5384CE57-1F94-4D22-860D-2E9C1AC12DDF} = {AF2445B2-FF37-4925-9716-692F2893FCBC}
		{6E960452-EFFB-4672-97C0-80A7520BCFE0} = {7A035882-3651-40E8-A3DD-661BDE3F1DC1}
		{248B9F3A-6F41-42E0-8E91-0AD097F9EFA7} = {15386D22-5263-49EF-963F-664A6304FF8A}
		{8CEF2A70-6ED8-41B4-95C1-CFC864723FDB} = {54A2266E-4698-4C6B-A52C-F068D320955B}
		{996A3ACD-4F57-4CD4-A0FD-ADF4BE8974F1} = {3B5E147D-357E-4F9E-8DBE-55D52CECA2CB}
		{BF10565A-06BE-4CDB-BEBC-7C467D326FF6} = {57AC59F7-311F-4E4A-A287-848487EE1528}
		{04D535B4-9302-4247-B65C-F1D2D4C05752} = {AF2445B2-FF37-4925-9716-692F2893FCBC}
		{C72AE624-A964-4852-ACDB-80AE9C501665} = {3B5E147D-357E-4F9E-8DBE-55D52CECA2CB}
		{CA747492-FFB6-44C2-ABDA-3838417F30AE} = {7A035882-3651-40E8-A3DD-661BDE3F1DC1}
		{A3273741-481E-4D18-B610-6D65BA8D331A} = {7A035882-3651-40E8-A3DD-661BDE3F1DC1}
		{84C4DDBE-777D-4061-9473-C416FD7B9E10} = {7A035882-3651-40E8-A3DD-661BDE3F1DC1}
		{BC8AC259-2673-4C2A-BFF2-8D4B3A55C659} = {15386D22-5263-49EF-963F-664A6304FF8A}
		{8180A67B-562E-4030-A657-332D85F69EB4} = {7A035882-3651-40E8-A3DD-661BDE3F1DC1}
		{4D211C6B-0CB7-4718-8567-78BEBA69C114} = {15386D22-5263-49EF-963F-664A6304FF8A}
		{8FCBD6B7-83BC-4E18-9066-6423916DD171} = {AB4554ED-8788-4D09-BC74-E9D0BBFF2F46}
	EndGlobalSection
EndGlobal
